// !$*UTF8*$!
{
	archiveVersion = 1;
	classes = {
	};
	objectVersion = 56;
	objects = {

/* Begin PBXBuildFile section */
		2B6D7D72FBF3B2D61D9CBA03 /* Pods_UIKitTest.framework in Frameworks */ = {isa = PBXBuildFile; fileRef = 54553CAF9BC0B08DCC70436A /* Pods_UIKitTest.framework */; };
		7F3BB9002C7856AD00CBF06E /* AppDelegate.swift in Sources */ = {isa = PBXBuildFile; fileRef = 7F3BB8FF2C7856AD00CBF06E /* AppDelegate.swift */; };
		7F3BB9022C7856AD00CBF06E /* SceneDelegate.swift in Sources */ = {isa = PBXBuildFile; fileRef = 7F3BB9012C7856AD00CBF06E /* SceneDelegate.swift */; };
		7F3BB9042C7856AD00CBF06E /* ViewController.swift in Sources */ = {isa = PBXBuildFile; fileRef = 7F3BB9032C7856AD00CBF06E /* ViewController.swift */; };
		7F3BB9072C7856AD00CBF06E /* Base in Resources */ = {isa = PBXBuildFile; fileRef = 7F3BB9062C7856AD00CBF06E /* Base */; };
		7F3BB90A2C7856AD00CBF06E /* UIKitTest.xcdatamodeld in Sources */ = {isa = PBXBuildFile; fileRef = 7F3BB9082C7856AD00CBF06E /* UIKitTest.xcdatamodeld */; };
		7F3BB90C2C7856AE00CBF06E /* Assets.xcassets in Resources */ = {isa = PBXBuildFile; fileRef = 7F3BB90B2C7856AE00CBF06E /* Assets.xcassets */; };
		7F3BB90F2C7856AE00CBF06E /* Base in Resources */ = {isa = PBXBuildFile; fileRef = 7F3BB90E2C7856AE00CBF06E /* Base */; };
		7F3BB9352C78575F00CBF06E /* TextSettingScreen.swift in Sources */ = {isa = PBXBuildFile; fileRef = 7F3BB9172C78575E00CBF06E /* TextSettingScreen.swift */; };
		7F3BB9362C78575F00CBF06E /* WebViewScreen.swift in Sources */ = {isa = PBXBuildFile; fileRef = 7F3BB9192C78575E00CBF06E /* WebViewScreen.swift */; };
		7F3BB9372C78575F00CBF06E /* PageViewScreen.swift in Sources */ = {isa = PBXBuildFile; fileRef = 7F3BB91B2C78575E00CBF06E /* PageViewScreen.swift */; };
		7F3BB9382C78575F00CBF06E /* BannerTestScreen.swift in Sources */ = {isa = PBXBuildFile; fileRef = 7F3BB91D2C78575E00CBF06E /* BannerTestScreen.swift */; };
		7F3BB9392C78575F00CBF06E /* LayoutConstraintScreen.swift in Sources */ = {isa = PBXBuildFile; fileRef = 7F3BB91F2C78575F00CBF06E /* LayoutConstraintScreen.swift */; };
		7F3BB93A2C78575F00CBF06E /* OTPScreen.swift in Sources */ = {isa = PBXBuildFile; fileRef = 7F3BB9212C78575F00CBF06E /* OTPScreen.swift */; };
		7F3BB93B2C78575F00CBF06E /* DropDownScreen.swift in Sources */ = {isa = PBXBuildFile; fileRef = 7F3BB9232C78575F00CBF06E /* DropDownScreen.swift */; };
		7F3BB93C2C78575F00CBF06E /* MapScreen.swift in Sources */ = {isa = PBXBuildFile; fileRef = 7F3BB9252C78575F00CBF06E /* MapScreen.swift */; };
		7F3BB93D2C78575F00CBF06E /* FirstTestScreen.swift in Sources */ = {isa = PBXBuildFile; fileRef = 7F3BB9272C78575F00CBF06E /* FirstTestScreen.swift */; };
		7F3BB93E2C78575F00CBF06E /* testVC.swift in Sources */ = {isa = PBXBuildFile; fileRef = 7F3BB9292C78575F00CBF06E /* testVC.swift */; };
		7F3BB93F2C78575F00CBF06E /* DownMenuScreen.swift in Sources */ = {isa = PBXBuildFile; fileRef = 7F3BB92B2C78575F00CBF06E /* DownMenuScreen.swift */; };
		7F3BB9402C78575F00CBF06E /* SFSymbolScreen.swift in Sources */ = {isa = PBXBuildFile; fileRef = 7F3BB92D2C78575F00CBF06E /* SFSymbolScreen.swift */; };
		7F3BB9422C78575F00CBF06E /* SwitchLanguageScreen.swift in Sources */ = {isa = PBXBuildFile; fileRef = 7F3BB9302C78575F00CBF06E /* SwitchLanguageScreen.swift */; };
		7F3BB9432C78575F00CBF06E /* TableCell.swift in Sources */ = {isa = PBXBuildFile; fileRef = 7F3BB9322C78575F00CBF06E /* TableCell.swift */; };
		7F3BB9442C78575F00CBF06E /* TableTestScreen.swift in Sources */ = {isa = PBXBuildFile; fileRef = 7F3BB9332C78575F00CBF06E /* TableTestScreen.swift */; };
		7F3BB94E2C78596F00CBF06E /* ImageNameItem.swift in Sources */ = {isa = PBXBuildFile; fileRef = 7F3BB9452C78596F00CBF06E /* ImageNameItem.swift */; };
		7F3BB94F2C78596F00CBF06E /* ScreenIDItem.swift in Sources */ = {isa = PBXBuildFile; fileRef = 7F3BB9462C78596F00CBF06E /* ScreenIDItem.swift */; };
		7F3BB9502C78596F00CBF06E /* SFSymbol.swift in Sources */ = {isa = PBXBuildFile; fileRef = 7F3BB9472C78596F00CBF06E /* SFSymbol.swift */; };
		7F3BB9512C78596F00CBF06E /* UIColor+.swift in Sources */ = {isa = PBXBuildFile; fileRef = 7F3BB9492C78596F00CBF06E /* UIColor+.swift */; };
		7F3BB9522C78596F00CBF06E /* UIFont+.swift in Sources */ = {isa = PBXBuildFile; fileRef = 7F3BB94A2C78596F00CBF06E /* UIFont+.swift */; };
		7F3BB9532C78596F00CBF06E /* UINavigation+.swift in Sources */ = {isa = PBXBuildFile; fileRef = 7F3BB94B2C78596F00CBF06E /* UINavigation+.swift */; };
		7F3BB9542C78596F00CBF06E /* View+.swift in Sources */ = {isa = PBXBuildFile; fileRef = 7F3BB94C2C78596F00CBF06E /* View+.swift */; };
		7F54CCC12C7C0F6B00539929 /* NibLoadable.swift in Sources */ = {isa = PBXBuildFile; fileRef = 7F54CCC02C7C0F6B00539929 /* NibLoadable.swift */; };
		7F54CCC82C7C121700539929 /* HintTextView.swift in Sources */ = {isa = PBXBuildFile; fileRef = 7F54CCC62C7C121700539929 /* HintTextView.swift */; };
		7F54CCC92C7C121700539929 /* HintTextView.xib in Resources */ = {isa = PBXBuildFile; fileRef = 7F54CCC72C7C121700539929 /* HintTextView.xib */; };
		7F54CCCB2C7C186600539929 /* XibExample.swift in Sources */ = {isa = PBXBuildFile; fileRef = 7F54CCCA2C7C186600539929 /* XibExample.swift */; };
		7F54CCCF2C7C2FFE00539929 /* MyTitleBar.swift in Sources */ = {isa = PBXBuildFile; fileRef = 7F54CCCE2C7C2FFE00539929 /* MyTitleBar.swift */; };
		7F54CCD22C7C5F5C00539929 /* TextSettingUI.swift in Sources */ = {isa = PBXBuildFile; fileRef = 7F54CCD12C7C5F5C00539929 /* TextSettingUI.swift */; };
		7F9C687B2C7DA72400D96974 /* SwitchLanguageUI.swift in Sources */ = {isa = PBXBuildFile; fileRef = 7F9C687A2C7DA72400D96974 /* SwitchLanguageUI.swift */; };
		7F9C687D2C7DA84600D96974 /* UIView+.swift in Sources */ = {isa = PBXBuildFile; fileRef = 7F9C687C2C7DA84600D96974 /* UIView+.swift */; };
		7F9C68822C7DC5FB00D96974 /* Localizable.strings in Resources */ = {isa = PBXBuildFile; fileRef = 7F9C68802C7DC5FB00D96974 /* Localizable.strings */; };
		7F9C68852C7DC76800D96974 /* SwitchLanguage.swift in Sources */ = {isa = PBXBuildFile; fileRef = 7F9C68842C7DC76800D96974 /* SwitchLanguage.swift */; };
		7F9C68892C7DCF4100D96974 /* LanguageManager.swift in Sources */ = {isa = PBXBuildFile; fileRef = 7F9C68882C7DCF4100D96974 /* LanguageManager.swift */; };
/* End PBXBuildFile section */

/* Begin PBXFileReference section */
		54553CAF9BC0B08DCC70436A /* Pods_UIKitTest.framework */ = {isa = PBXFileReference; explicitFileType = wrapper.framework; includeInIndex = 0; path = Pods_UIKitTest.framework; sourceTree = BUILT_PRODUCTS_DIR; };
		7F3BB8FC2C7856AD00CBF06E /* UIKitTest.app */ = {isa = PBXFileReference; explicitFileType = wrapper.application; includeInIndex = 0; path = UIKitTest.app; sourceTree = BUILT_PRODUCTS_DIR; };
		7F3BB8FF2C7856AD00CBF06E /* AppDelegate.swift */ = {isa = PBXFileReference; lastKnownFileType = sourcecode.swift; path = AppDelegate.swift; sourceTree = "<group>"; };
		7F3BB9012C7856AD00CBF06E /* SceneDelegate.swift */ = {isa = PBXFileReference; lastKnownFileType = sourcecode.swift; path = SceneDelegate.swift; sourceTree = "<group>"; };
		7F3BB9032C7856AD00CBF06E /* ViewController.swift */ = {isa = PBXFileReference; lastKnownFileType = sourcecode.swift; path = ViewController.swift; sourceTree = "<group>"; };
		7F3BB9062C7856AD00CBF06E /* Base */ = {isa = PBXFileReference; lastKnownFileType = file.storyboard; name = Base; path = Base.lproj/Main.storyboard; sourceTree = "<group>"; };
		7F3BB9092C7856AD00CBF06E /* UIKitTest.xcdatamodel */ = {isa = PBXFileReference; lastKnownFileType = wrapper.xcdatamodel; path = UIKitTest.xcdatamodel; sourceTree = "<group>"; };
		7F3BB90B2C7856AE00CBF06E /* Assets.xcassets */ = {isa = PBXFileReference; lastKnownFileType = folder.assetcatalog; path = Assets.xcassets; sourceTree = "<group>"; };
		7F3BB90E2C7856AE00CBF06E /* Base */ = {isa = PBXFileReference; lastKnownFileType = file.storyboard; name = Base; path = Base.lproj/LaunchScreen.storyboard; sourceTree = "<group>"; };
		7F3BB9102C7856AE00CBF06E /* Info.plist */ = {isa = PBXFileReference; lastKnownFileType = text.plist.xml; path = Info.plist; sourceTree = "<group>"; };
		7F3BB9172C78575E00CBF06E /* TextSettingScreen.swift */ = {isa = PBXFileReference; fileEncoding = 4; lastKnownFileType = sourcecode.swift; path = TextSettingScreen.swift; sourceTree = "<group>"; };
		7F3BB9192C78575E00CBF06E /* WebViewScreen.swift */ = {isa = PBXFileReference; fileEncoding = 4; lastKnownFileType = sourcecode.swift; path = WebViewScreen.swift; sourceTree = "<group>"; };
		7F3BB91B2C78575E00CBF06E /* PageViewScreen.swift */ = {isa = PBXFileReference; fileEncoding = 4; lastKnownFileType = sourcecode.swift; path = PageViewScreen.swift; sourceTree = "<group>"; };
		7F3BB91D2C78575E00CBF06E /* BannerTestScreen.swift */ = {isa = PBXFileReference; fileEncoding = 4; lastKnownFileType = sourcecode.swift; path = BannerTestScreen.swift; sourceTree = "<group>"; };
		7F3BB91F2C78575F00CBF06E /* LayoutConstraintScreen.swift */ = {isa = PBXFileReference; fileEncoding = 4; lastKnownFileType = sourcecode.swift; path = LayoutConstraintScreen.swift; sourceTree = "<group>"; };
		7F3BB9212C78575F00CBF06E /* OTPScreen.swift */ = {isa = PBXFileReference; fileEncoding = 4; lastKnownFileType = sourcecode.swift; path = OTPScreen.swift; sourceTree = "<group>"; };
		7F3BB9232C78575F00CBF06E /* DropDownScreen.swift */ = {isa = PBXFileReference; fileEncoding = 4; lastKnownFileType = sourcecode.swift; path = DropDownScreen.swift; sourceTree = "<group>"; };
		7F3BB9252C78575F00CBF06E /* MapScreen.swift */ = {isa = PBXFileReference; fileEncoding = 4; lastKnownFileType = sourcecode.swift; path = MapScreen.swift; sourceTree = "<group>"; };
		7F3BB9272C78575F00CBF06E /* FirstTestScreen.swift */ = {isa = PBXFileReference; fileEncoding = 4; lastKnownFileType = sourcecode.swift; path = FirstTestScreen.swift; sourceTree = "<group>"; };
		7F3BB9292C78575F00CBF06E /* testVC.swift */ = {isa = PBXFileReference; fileEncoding = 4; lastKnownFileType = sourcecode.swift; path = testVC.swift; sourceTree = "<group>"; };
		7F3BB92B2C78575F00CBF06E /* DownMenuScreen.swift */ = {isa = PBXFileReference; fileEncoding = 4; lastKnownFileType = sourcecode.swift; path = DownMenuScreen.swift; sourceTree = "<group>"; };
		7F3BB92D2C78575F00CBF06E /* SFSymbolScreen.swift */ = {isa = PBXFileReference; fileEncoding = 4; lastKnownFileType = sourcecode.swift; path = SFSymbolScreen.swift; sourceTree = "<group>"; };
		7F3BB9302C78575F00CBF06E /* SwitchLanguageScreen.swift */ = {isa = PBXFileReference; fileEncoding = 4; lastKnownFileType = sourcecode.swift; path = SwitchLanguageScreen.swift; sourceTree = "<group>"; };
		7F3BB9322C78575F00CBF06E /* TableCell.swift */ = {isa = PBXFileReference; fileEncoding = 4; lastKnownFileType = sourcecode.swift; path = TableCell.swift; sourceTree = "<group>"; };
		7F3BB9332C78575F00CBF06E /* TableTestScreen.swift */ = {isa = PBXFileReference; fileEncoding = 4; lastKnownFileType = sourcecode.swift; path = TableTestScreen.swift; sourceTree = "<group>"; };
		7F3BB9452C78596F00CBF06E /* ImageNameItem.swift */ = {isa = PBXFileReference; fileEncoding = 4; lastKnownFileType = sourcecode.swift; path = ImageNameItem.swift; sourceTree = "<group>"; };
		7F3BB9462C78596F00CBF06E /* ScreenIDItem.swift */ = {isa = PBXFileReference; fileEncoding = 4; lastKnownFileType = sourcecode.swift; path = ScreenIDItem.swift; sourceTree = "<group>"; };
		7F3BB9472C78596F00CBF06E /* SFSymbol.swift */ = {isa = PBXFileReference; fileEncoding = 4; lastKnownFileType = sourcecode.swift; path = SFSymbol.swift; sourceTree = "<group>"; };
		7F3BB9492C78596F00CBF06E /* UIColor+.swift */ = {isa = PBXFileReference; fileEncoding = 4; lastKnownFileType = sourcecode.swift; path = "UIColor+.swift"; sourceTree = "<group>"; };
		7F3BB94A2C78596F00CBF06E /* UIFont+.swift */ = {isa = PBXFileReference; fileEncoding = 4; lastKnownFileType = sourcecode.swift; path = "UIFont+.swift"; sourceTree = "<group>"; };
		7F3BB94B2C78596F00CBF06E /* UINavigation+.swift */ = {isa = PBXFileReference; fileEncoding = 4; lastKnownFileType = sourcecode.swift; path = "UINavigation+.swift"; sourceTree = "<group>"; };
		7F3BB94C2C78596F00CBF06E /* View+.swift */ = {isa = PBXFileReference; fileEncoding = 4; lastKnownFileType = sourcecode.swift; path = "View+.swift"; sourceTree = "<group>"; };
		7F54CCC02C7C0F6B00539929 /* NibLoadable.swift */ = {isa = PBXFileReference; lastKnownFileType = sourcecode.swift; path = NibLoadable.swift; sourceTree = "<group>"; };
		7F54CCC62C7C121700539929 /* HintTextView.swift */ = {isa = PBXFileReference; lastKnownFileType = sourcecode.swift; path = HintTextView.swift; sourceTree = "<group>"; };
		7F54CCC72C7C121700539929 /* HintTextView.xib */ = {isa = PBXFileReference; lastKnownFileType = file.xib; path = HintTextView.xib; sourceTree = "<group>"; };
		7F54CCCA2C7C186600539929 /* XibExample.swift */ = {isa = PBXFileReference; lastKnownFileType = sourcecode.swift; path = XibExample.swift; sourceTree = "<group>"; };
		7F54CCCE2C7C2FFE00539929 /* MyTitleBar.swift */ = {isa = PBXFileReference; lastKnownFileType = sourcecode.swift; path = MyTitleBar.swift; sourceTree = "<group>"; };
		7F54CCD12C7C5F5C00539929 /* TextSettingUI.swift */ = {isa = PBXFileReference; lastKnownFileType = sourcecode.swift; path = TextSettingUI.swift; sourceTree = "<group>"; };
		7F9C687A2C7DA72400D96974 /* SwitchLanguageUI.swift */ = {isa = PBXFileReference; lastKnownFileType = sourcecode.swift; path = SwitchLanguageUI.swift; sourceTree = "<group>"; };
		7F9C687C2C7DA84600D96974 /* UIView+.swift */ = {isa = PBXFileReference; lastKnownFileType = sourcecode.swift; path = "UIView+.swift"; sourceTree = "<group>"; };
		7F9C687E2C7DC5E000D96974 /* zh-Hant */ = {isa = PBXFileReference; lastKnownFileType = text.plist.strings; name = "zh-Hant"; path = "zh-Hant.lproj/Main.strings"; sourceTree = "<group>"; };
		7F9C687F2C7DC5E000D96974 /* zh-Hant */ = {isa = PBXFileReference; lastKnownFileType = text.plist.strings; name = "zh-Hant"; path = "zh-Hant.lproj/LaunchScreen.strings"; sourceTree = "<group>"; };
		7F9C68812C7DC5FB00D96974 /* zh-Hant */ = {isa = PBXFileReference; lastKnownFileType = text.plist.strings; name = "zh-Hant"; path = "zh-Hant.lproj/Localizable.strings"; sourceTree = "<group>"; };
		7F9C68832C7DC60700D96974 /* en */ = {isa = PBXFileReference; lastKnownFileType = text.plist.strings; name = en; path = en.lproj/Localizable.strings; sourceTree = "<group>"; };
		7F9C68842C7DC76800D96974 /* SwitchLanguage.swift */ = {isa = PBXFileReference; lastKnownFileType = sourcecode.swift; path = SwitchLanguage.swift; sourceTree = "<group>"; };
		7F9C68882C7DCF4100D96974 /* LanguageManager.swift */ = {isa = PBXFileReference; lastKnownFileType = sourcecode.swift; path = LanguageManager.swift; sourceTree = "<group>"; };
		A9D66F102EC61B7AC514A4C0 /* Pods-UIKitTest.release.xcconfig */ = {isa = PBXFileReference; includeInIndex = 1; lastKnownFileType = text.xcconfig; name = "Pods-UIKitTest.release.xcconfig"; path = "Target Support Files/Pods-UIKitTest/Pods-UIKitTest.release.xcconfig"; sourceTree = "<group>"; };
		B3F88A0E8B553DA95E48ED67 /* Pods-UIKitTest.debug.xcconfig */ = {isa = PBXFileReference; includeInIndex = 1; lastKnownFileType = text.xcconfig; name = "Pods-UIKitTest.debug.xcconfig"; path = "Target Support Files/Pods-UIKitTest/Pods-UIKitTest.debug.xcconfig"; sourceTree = "<group>"; };
/* End PBXFileReference section */

/* Begin PBXFrameworksBuildPhase section */
		7F3BB8F92C7856AD00CBF06E /* Frameworks */ = {
			isa = PBXFrameworksBuildPhase;
			buildActionMask = 2147483647;
			files = (
				2B6D7D72FBF3B2D61D9CBA03 /* Pods_UIKitTest.framework in Frameworks */,
			);
			runOnlyForDeploymentPostprocessing = 0;
		};
/* End PBXFrameworksBuildPhase section */

/* Begin PBXGroup section */
		406C4A5EFECC32C705759781 /* Pods */ = {
			isa = PBXGroup;
			children = (
				B3F88A0E8B553DA95E48ED67 /* Pods-UIKitTest.debug.xcconfig */,
				A9D66F102EC61B7AC514A4C0 /* Pods-UIKitTest.release.xcconfig */,
			);
			path = Pods;
			sourceTree = "<group>";
		};
		7F3BB8F32C7856AD00CBF06E = {
			isa = PBXGroup;
			children = (
				7F3BB8FE2C7856AD00CBF06E /* UIKitTest */,
				7F3BB8FD2C7856AD00CBF06E /* Products */,
				406C4A5EFECC32C705759781 /* Pods */,
				855992885BEB3DD04DA25F03 /* Frameworks */,
			);
			sourceTree = "<group>";
		};
		7F3BB8FD2C7856AD00CBF06E /* Products */ = {
			isa = PBXGroup;
			children = (
				7F3BB8FC2C7856AD00CBF06E /* UIKitTest.app */,
			);
			name = Products;
			sourceTree = "<group>";
		};
		7F3BB8FE2C7856AD00CBF06E /* UIKitTest */ = {
			isa = PBXGroup;
			children = (
				7F3BB8FF2C7856AD00CBF06E /* AppDelegate.swift */,
				7F3BB9012C7856AD00CBF06E /* SceneDelegate.swift */,
				7F3BB9032C7856AD00CBF06E /* ViewController.swift */,
				7F54CCD02C7C5EE900539929 /* MyUI */,
				7F54CCBB2C7C0D3F00539929 /* XibExample */,
				7F3BB92C2C78575F00CBF06E /* 下拉式選單 */,
				7F3BB9242C78575F00CBF06E /* 下拉式選單套件 */,
				7F3BB9182C78575E00CBF06E /* 文字格式辨識 */,
				7F3BB92A2C78575F00CBF06E /* 專案練習 */,
				7F3BB9202C78575F00CBF06E /* 排版練習 */,
				7F3BB9312C78575F00CBF06E /* 語系切換練習 */,
				7F3BB9282C78575F00CBF06E /* 簡單練習 */,
				7F3BB91C2C78575E00CBF06E /* Banner套件 */,
				7F3BB91E2C78575E00CBF06E /* Banner練習 */,
				7F3BB9262C78575F00CBF06E /* GoogleMap練習 */,
				7F3BB9222C78575F00CBF06E /* OTP填入練習 */,
				7F3BB92E2C78575F00CBF06E /* SFSymbol調色練習 */,
				7F3BB9342C78575F00CBF06E /* TabelView練習 */,
				7F3BB91A2C78575E00CBF06E /* WebView練習 */,
				7F3BB9052C7856AD00CBF06E /* Main.storyboard */,
				7F3BB90B2C7856AE00CBF06E /* Assets.xcassets */,
				7F3BB9482C78596F00CBF06E /* Constant */,
				7F3BB94D2C78596F00CBF06E /* Extension */,
				7F3BB90D2C7856AE00CBF06E /* LaunchScreen.storyboard */,
				7F3BB9102C7856AE00CBF06E /* Info.plist */,
				7F3BB9082C7856AD00CBF06E /* UIKitTest.xcdatamodeld */,
				7F9C68802C7DC5FB00D96974 /* Localizable.strings */,
			);
			path = UIKitTest;
			sourceTree = "<group>";
		};
		7F3BB9182C78575E00CBF06E /* 文字格式辨識 */ = {
			isa = PBXGroup;
			children = (
				7F54CCD32C7C5F6900539929 /* UI */,
				7F3BB9172C78575E00CBF06E /* TextSettingScreen.swift */,
			);
			path = "文字格式辨識";
			sourceTree = "<group>";
		};
		7F3BB91A2C78575E00CBF06E /* WebView練習 */ = {
			isa = PBXGroup;
			children = (
				7F3BB9192C78575E00CBF06E /* WebViewScreen.swift */,
			);
			path = "WebView練習";
			sourceTree = "<group>";
		};
		7F3BB91C2C78575E00CBF06E /* Banner套件 */ = {
			isa = PBXGroup;
			children = (
				7F3BB91B2C78575E00CBF06E /* PageViewScreen.swift */,
			);
			path = "Banner套件";
			sourceTree = "<group>";
		};
		7F3BB91E2C78575E00CBF06E /* Banner練習 */ = {
			isa = PBXGroup;
			children = (
				7F3BB91D2C78575E00CBF06E /* BannerTestScreen.swift */,
			);
			path = "Banner練習";
			sourceTree = "<group>";
		};
		7F3BB9202C78575F00CBF06E /* 排版練習 */ = {
			isa = PBXGroup;
			children = (
				7F3BB91F2C78575F00CBF06E /* LayoutConstraintScreen.swift */,
			);
			path = "排版練習";
			sourceTree = "<group>";
		};
		7F3BB9222C78575F00CBF06E /* OTP填入練習 */ = {
			isa = PBXGroup;
			children = (
				7F3BB9212C78575F00CBF06E /* OTPScreen.swift */,
			);
			path = "OTP填入練習";
			sourceTree = "<group>";
		};
		7F3BB9242C78575F00CBF06E /* 下拉式選單套件 */ = {
			isa = PBXGroup;
			children = (
				7F3BB9232C78575F00CBF06E /* DropDownScreen.swift */,
			);
			path = "下拉式選單套件";
			sourceTree = "<group>";
		};
		7F3BB9262C78575F00CBF06E /* GoogleMap練習 */ = {
			isa = PBXGroup;
			children = (
				7F3BB9252C78575F00CBF06E /* MapScreen.swift */,
			);
			path = "GoogleMap練習";
			sourceTree = "<group>";
		};
		7F3BB9282C78575F00CBF06E /* 簡單練習 */ = {
			isa = PBXGroup;
			children = (
				7F3BB9272C78575F00CBF06E /* FirstTestScreen.swift */,
			);
			path = "簡單練習";
			sourceTree = "<group>";
		};
		7F3BB92A2C78575F00CBF06E /* 專案練習 */ = {
			isa = PBXGroup;
			children = (
				7F3BB9292C78575F00CBF06E /* testVC.swift */,
			);
			path = "專案練習";
			sourceTree = "<group>";
		};
		7F3BB92C2C78575F00CBF06E /* 下拉式選單 */ = {
			isa = PBXGroup;
			children = (
				7F3BB92B2C78575F00CBF06E /* DownMenuScreen.swift */,
			);
			path = "下拉式選單";
			sourceTree = "<group>";
		};
		7F3BB92E2C78575F00CBF06E /* SFSymbol調色練習 */ = {
			isa = PBXGroup;
			children = (
				7F3BB92D2C78575F00CBF06E /* SFSymbolScreen.swift */,
			);
			path = "SFSymbol調色練習";
			sourceTree = "<group>";
		};
		7F3BB9312C78575F00CBF06E /* 語系切換練習 */ = {
			isa = PBXGroup;
			children = (
				7F9C68792C7DA70900D96974 /* UI */,
				7F3BB9302C78575F00CBF06E /* SwitchLanguageScreen.swift */,
			);
			path = "語系切換練習";
			sourceTree = "<group>";
		};
		7F3BB9342C78575F00CBF06E /* TabelView練習 */ = {
			isa = PBXGroup;
			children = (
				7F3BB9322C78575F00CBF06E /* TableCell.swift */,
				7F3BB9332C78575F00CBF06E /* TableTestScreen.swift */,
			);
			path = "TabelView練習";
			sourceTree = "<group>";
		};
		7F3BB9482C78596F00CBF06E /* Constant */ = {
			isa = PBXGroup;
			children = (
				7F3BB9452C78596F00CBF06E /* ImageNameItem.swift */,
				7F3BB9462C78596F00CBF06E /* ScreenIDItem.swift */,
				7F3BB9472C78596F00CBF06E /* SFSymbol.swift */,
				7F9C68842C7DC76800D96974 /* SwitchLanguage.swift */,
				7F9C68882C7DCF4100D96974 /* LanguageManager.swift */,
			);
			path = Constant;
			sourceTree = "<group>";
		};
		7F3BB94D2C78596F00CBF06E /* Extension */ = {
			isa = PBXGroup;
			children = (
				7F3BB9492C78596F00CBF06E /* UIColor+.swift */,
				7F3BB94A2C78596F00CBF06E /* UIFont+.swift */,
				7F3BB94B2C78596F00CBF06E /* UINavigation+.swift */,
				7F3BB94C2C78596F00CBF06E /* View+.swift */,
				7F9C687C2C7DA84600D96974 /* UIView+.swift */,
			);
			path = Extension;
			sourceTree = "<group>";
		};
		7F54CCBB2C7C0D3F00539929 /* XibExample */ = {
			isa = PBXGroup;
			children = (
				7F54CCC02C7C0F6B00539929 /* NibLoadable.swift */,
				7F54CCC62C7C121700539929 /* HintTextView.swift */,
				7F54CCC72C7C121700539929 /* HintTextView.xib */,
				7F54CCCA2C7C186600539929 /* XibExample.swift */,
			);
			path = XibExample;
			sourceTree = "<group>";
		};
		7F54CCD02C7C5EE900539929 /* MyUI */ = {
			isa = PBXGroup;
			children = (
				7F54CCCE2C7C2FFE00539929 /* MyTitleBar.swift */,
			);
			path = MyUI;
			sourceTree = "<group>";
		};
		7F54CCD32C7C5F6900539929 /* UI */ = {
			isa = PBXGroup;
			children = (
				7F54CCD12C7C5F5C00539929 /* TextSettingUI.swift */,
			);
			path = UI;
			sourceTree = "<group>";
		};
		7F9C68792C7DA70900D96974 /* UI */ = {
			isa = PBXGroup;
			children = (
				7F9C687A2C7DA72400D96974 /* SwitchLanguageUI.swift */,
			);
			path = UI;
			sourceTree = "<group>";
		};
		855992885BEB3DD04DA25F03 /* Frameworks */ = {
			isa = PBXGroup;
			children = (
				54553CAF9BC0B08DCC70436A /* Pods_UIKitTest.framework */,
			);
			name = Frameworks;
			sourceTree = "<group>";
		};
/* End PBXGroup section */

/* Begin PBXNativeTarget section */
		7F3BB8FB2C7856AD00CBF06E /* UIKitTest */ = {
			isa = PBXNativeTarget;
			buildConfigurationList = 7F3BB9132C7856AE00CBF06E /* Build configuration list for PBXNativeTarget "UIKitTest" */;
			buildPhases = (
				5F2FDB6821DACE5DA0910D1E /* [CP] Check Pods Manifest.lock */,
				7F3BB8F82C7856AD00CBF06E /* Sources */,
				7F3BB8F92C7856AD00CBF06E /* Frameworks */,
				7F3BB8FA2C7856AD00CBF06E /* Resources */,
				806CFA0DDD2453B0F2AEEADE /* [CP] Embed Pods Frameworks */,
				4DBA3C1D0E2BB69705E777FC /* [CP] Copy Pods Resources */,
			);
			buildRules = (
			);
			dependencies = (
			);
			name = UIKitTest;
			productName = UIKitTest;
			productReference = 7F3BB8FC2C7856AD00CBF06E /* UIKitTest.app */;
			productType = "com.apple.product-type.application";
		};
/* End PBXNativeTarget section */

/* Begin PBXProject section */
		7F3BB8F42C7856AD00CBF06E /* Project object */ = {
			isa = PBXProject;
			attributes = {
				BuildIndependentTargetsInParallel = 1;
				LastSwiftUpdateCheck = 1540;
				LastUpgradeCheck = 1540;
				TargetAttributes = {
					7F3BB8FB2C7856AD00CBF06E = {
						CreatedOnToolsVersion = 15.4;
					};
				};
			};
			buildConfigurationList = 7F3BB8F72C7856AD00CBF06E /* Build configuration list for PBXProject "UIKitTest" */;
			compatibilityVersion = "Xcode 14.0";
			developmentRegion = "zh-Hant";
			hasScannedForEncodings = 0;
			knownRegions = (
				en,
				Base,
				"zh-Hant",
			);
			mainGroup = 7F3BB8F32C7856AD00CBF06E;
			productRefGroup = 7F3BB8FD2C7856AD00CBF06E /* Products */;
			projectDirPath = "";
			projectRoot = "";
			targets = (
				7F3BB8FB2C7856AD00CBF06E /* UIKitTest */,
			);
		};
/* End PBXProject section */

/* Begin PBXResourcesBuildPhase section */
		7F3BB8FA2C7856AD00CBF06E /* Resources */ = {
			isa = PBXResourcesBuildPhase;
			buildActionMask = 2147483647;
			files = (
				7F9C68822C7DC5FB00D96974 /* Localizable.strings in Resources */,
				7F54CCC92C7C121700539929 /* HintTextView.xib in Resources */,
				7F3BB90C2C7856AE00CBF06E /* Assets.xcassets in Resources */,
				7F3BB90F2C7856AE00CBF06E /* Base in Resources */,
				7F3BB9072C7856AD00CBF06E /* Base in Resources */,
			);
			runOnlyForDeploymentPostprocessing = 0;
		};
/* End PBXResourcesBuildPhase section */

/* Begin PBXShellScriptBuildPhase section */
		4DBA3C1D0E2BB69705E777FC /* [CP] Copy Pods Resources */ = {
			isa = PBXShellScriptBuildPhase;
			buildActionMask = 2147483647;
			files = (
			);
			inputFileListPaths = (
				"${PODS_ROOT}/Target Support Files/Pods-UIKitTest/Pods-UIKitTest-resources-${CONFIGURATION}-input-files.xcfilelist",
			);
			name = "[CP] Copy Pods Resources";
			outputFileListPaths = (
				"${PODS_ROOT}/Target Support Files/Pods-UIKitTest/Pods-UIKitTest-resources-${CONFIGURATION}-output-files.xcfilelist",
			);
			runOnlyForDeploymentPostprocessing = 0;
			shellPath = /bin/sh;
			shellScript = "\"${PODS_ROOT}/Target Support Files/Pods-UIKitTest/Pods-UIKitTest-resources.sh\"\n";
			showEnvVarsInLog = 0;
		};
		5F2FDB6821DACE5DA0910D1E /* [CP] Check Pods Manifest.lock */ = {
			isa = PBXShellScriptBuildPhase;
			buildActionMask = 2147483647;
			files = (
			);
			inputFileListPaths = (
			);
			inputPaths = (
				"${PODS_PODFILE_DIR_PATH}/Podfile.lock",
				"${PODS_ROOT}/Manifest.lock",
			);
			name = "[CP] Check Pods Manifest.lock";
			outputFileListPaths = (
			);
			outputPaths = (
				"$(DERIVED_FILE_DIR)/Pods-UIKitTest-checkManifestLockResult.txt",
			);
			runOnlyForDeploymentPostprocessing = 0;
			shellPath = /bin/sh;
			shellScript = "diff \"${PODS_PODFILE_DIR_PATH}/Podfile.lock\" \"${PODS_ROOT}/Manifest.lock\" > /dev/null\nif [ $? != 0 ] ; then\n    # print error to STDERR\n    echo \"error: The sandbox is not in sync with the Podfile.lock. Run 'pod install' or update your CocoaPods installation.\" >&2\n    exit 1\nfi\n# This output is used by Xcode 'outputs' to avoid re-running this script phase.\necho \"SUCCESS\" > \"${SCRIPT_OUTPUT_FILE_0}\"\n";
			showEnvVarsInLog = 0;
		};
		806CFA0DDD2453B0F2AEEADE /* [CP] Embed Pods Frameworks */ = {
			isa = PBXShellScriptBuildPhase;
			buildActionMask = 2147483647;
			files = (
			);
			inputFileListPaths = (
				"${PODS_ROOT}/Target Support Files/Pods-UIKitTest/Pods-UIKitTest-frameworks-${CONFIGURATION}-input-files.xcfilelist",
			);
			name = "[CP] Embed Pods Frameworks";
			outputFileListPaths = (
				"${PODS_ROOT}/Target Support Files/Pods-UIKitTest/Pods-UIKitTest-frameworks-${CONFIGURATION}-output-files.xcfilelist",
			);
			runOnlyForDeploymentPostprocessing = 0;
			shellPath = /bin/sh;
			shellScript = "\"${PODS_ROOT}/Target Support Files/Pods-UIKitTest/Pods-UIKitTest-frameworks.sh\"\n";
			showEnvVarsInLog = 0;
		};
/* End PBXShellScriptBuildPhase section */

/* Begin PBXSourcesBuildPhase section */
		7F3BB8F82C7856AD00CBF06E /* Sources */ = {
			isa = PBXSourcesBuildPhase;
			buildActionMask = 2147483647;
			files = (
				7F54CCCB2C7C186600539929 /* XibExample.swift in Sources */,
				7F3BB9502C78596F00CBF06E /* SFSymbol.swift in Sources */,
				7F3BB93E2C78575F00CBF06E /* testVC.swift in Sources */,
				7F3BB9432C78575F00CBF06E /* TableCell.swift in Sources */,
				7F3BB93C2C78575F00CBF06E /* MapScreen.swift in Sources */,
				7F9C687B2C7DA72400D96974 /* SwitchLanguageUI.swift in Sources */,
				7F3BB9542C78596F00CBF06E /* View+.swift in Sources */,
				7F3BB9352C78575F00CBF06E /* TextSettingScreen.swift in Sources */,
				7F3BB9442C78575F00CBF06E /* TableTestScreen.swift in Sources */,
				7F9C68852C7DC76800D96974 /* SwitchLanguage.swift in Sources */,
				7F54CCCF2C7C2FFE00539929 /* MyTitleBar.swift in Sources */,
				7F3BB93B2C78575F00CBF06E /* DropDownScreen.swift in Sources */,
				7F3BB9522C78596F00CBF06E /* UIFont+.swift in Sources */,
				7F3BB90A2C7856AD00CBF06E /* UIKitTest.xcdatamodeld in Sources */,
				7F3BB9532C78596F00CBF06E /* UINavigation+.swift in Sources */,
				7F3BB9042C7856AD00CBF06E /* ViewController.swift in Sources */,
				7F3BB93A2C78575F00CBF06E /* OTPScreen.swift in Sources */,
				7F54CCD22C7C5F5C00539929 /* TextSettingUI.swift in Sources */,
				7F3BB9362C78575F00CBF06E /* WebViewScreen.swift in Sources */,
				7F3BB93D2C78575F00CBF06E /* FirstTestScreen.swift in Sources */,
				7F3BB94F2C78596F00CBF06E /* ScreenIDItem.swift in Sources */,
				7F3BB9002C7856AD00CBF06E /* AppDelegate.swift in Sources */,
				7F3BB93F2C78575F00CBF06E /* DownMenuScreen.swift in Sources */,
				7F54CCC12C7C0F6B00539929 /* NibLoadable.swift in Sources */,
				7F54CCC82C7C121700539929 /* HintTextView.swift in Sources */,
				7F3BB9372C78575F00CBF06E /* PageViewScreen.swift in Sources */,
				7F3BB9392C78575F00CBF06E /* LayoutConstraintScreen.swift in Sources */,
				7F3BB9512C78596F00CBF06E /* UIColor+.swift in Sources */,
				7F3BB9022C7856AD00CBF06E /* SceneDelegate.swift in Sources */,
				7F9C68892C7DCF4100D96974 /* LanguageManager.swift in Sources */,
				7F3BB94E2C78596F00CBF06E /* ImageNameItem.swift in Sources */,
				7F3BB9402C78575F00CBF06E /* SFSymbolScreen.swift in Sources */,
				7F9C687D2C7DA84600D96974 /* UIView+.swift in Sources */,
				7F3BB9422C78575F00CBF06E /* SwitchLanguageScreen.swift in Sources */,
				7F3BB9382C78575F00CBF06E /* BannerTestScreen.swift in Sources */,
			);
			runOnlyForDeploymentPostprocessing = 0;
		};
/* End PBXSourcesBuildPhase section */

/* Begin PBXVariantGroup section */
		7F3BB9052C7856AD00CBF06E /* Main.storyboard */ = {
			isa = PBXVariantGroup;
			children = (
				7F3BB9062C7856AD00CBF06E /* Base */,
				7F9C687E2C7DC5E000D96974 /* zh-Hant */,
			);
			name = Main.storyboard;
			sourceTree = "<group>";
		};
		7F3BB90D2C7856AE00CBF06E /* LaunchScreen.storyboard */ = {
			isa = PBXVariantGroup;
			children = (
				7F3BB90E2C7856AE00CBF06E /* Base */,
				7F9C687F2C7DC5E000D96974 /* zh-Hant */,
			);
			name = LaunchScreen.storyboard;
			sourceTree = "<group>";
		};
		7F9C68802C7DC5FB00D96974 /* Localizable.strings */ = {
			isa = PBXVariantGroup;
			children = (
				7F9C68812C7DC5FB00D96974 /* zh-Hant */,
				7F9C68832C7DC60700D96974 /* en */,
			);
			name = Localizable.strings;
			sourceTree = "<group>";
		};
/* End PBXVariantGroup section */

/* Begin XCBuildConfiguration section */
		7F3BB9112C7856AE00CBF06E /* Debug */ = {
			isa = XCBuildConfiguration;
			buildSettings = {
				ALWAYS_SEARCH_USER_PATHS = NO;
				ASSETCATALOG_COMPILER_GENERATE_SWIFT_ASSET_SYMBOL_EXTENSIONS = YES;
				CLANG_ANALYZER_LOCALIZABILITY_NONLOCALIZED = YES;
				CLANG_ANALYZER_NONNULL = YES;
				CLANG_ANALYZER_NUMBER_OBJECT_CONVERSION = YES_AGGRESSIVE;
				CLANG_CXX_LANGUAGE_STANDARD = "gnu++20";
				CLANG_ENABLE_MODULES = YES;
				CLANG_ENABLE_OBJC_ARC = YES;
				CLANG_ENABLE_OBJC_WEAK = YES;
				CLANG_WARN_BLOCK_CAPTURE_AUTORELEASING = YES;
				CLANG_WARN_BOOL_CONVERSION = YES;
				CLANG_WARN_COMMA = YES;
				CLANG_WARN_CONSTANT_CONVERSION = YES;
				CLANG_WARN_DEPRECATED_OBJC_IMPLEMENTATIONS = YES;
				CLANG_WARN_DIRECT_OBJC_ISA_USAGE = YES_ERROR;
				CLANG_WARN_DOCUMENTATION_COMMENTS = YES;
				CLANG_WARN_EMPTY_BODY = YES;
				CLANG_WARN_ENUM_CONVERSION = YES;
				CLANG_WARN_INFINITE_RECURSION = YES;
				CLANG_WARN_INT_CONVERSION = YES;
				CLANG_WARN_NON_LITERAL_NULL_CONVERSION = YES;
				CLANG_WARN_OBJC_IMPLICIT_RETAIN_SELF = YES;
				CLANG_WARN_OBJC_LITERAL_CONVERSION = YES;
				CLANG_WARN_OBJC_ROOT_CLASS = YES_ERROR;
				CLANG_WARN_QUOTED_INCLUDE_IN_FRAMEWORK_HEADER = YES;
				CLANG_WARN_RANGE_LOOP_ANALYSIS = YES;
				CLANG_WARN_STRICT_PROTOTYPES = YES;
				CLANG_WARN_SUSPICIOUS_MOVE = YES;
				CLANG_WARN_UNGUARDED_AVAILABILITY = YES_AGGRESSIVE;
				CLANG_WARN_UNREACHABLE_CODE = YES;
				CLANG_WARN__DUPLICATE_METHOD_MATCH = YES;
				COPY_PHASE_STRIP = NO;
				DEBUG_INFORMATION_FORMAT = dwarf;
				ENABLE_STRICT_OBJC_MSGSEND = YES;
				ENABLE_TESTABILITY = YES;
				ENABLE_USER_SCRIPT_SANDBOXING = NO;
				GCC_C_LANGUAGE_STANDARD = gnu17;
				GCC_DYNAMIC_NO_PIC = NO;
				GCC_NO_COMMON_BLOCKS = YES;
				GCC_OPTIMIZATION_LEVEL = 0;
				GCC_PREPROCESSOR_DEFINITIONS = (
					"DEBUG=1",
					"$(inherited)",
				);
				GCC_WARN_64_TO_32_BIT_CONVERSION = YES;
				GCC_WARN_ABOUT_RETURN_TYPE = YES_ERROR;
				GCC_WARN_UNDECLARED_SELECTOR = YES;
				GCC_WARN_UNINITIALIZED_AUTOS = YES_AGGRESSIVE;
				GCC_WARN_UNUSED_FUNCTION = YES;
				GCC_WARN_UNUSED_VARIABLE = YES;
				IPHONEOS_DEPLOYMENT_TARGET = 17.5;
				LOCALIZATION_PREFERS_STRING_CATALOGS = YES;
				MTL_ENABLE_DEBUG_INFO = INCLUDE_SOURCE;
				MTL_FAST_MATH = YES;
				ONLY_ACTIVE_ARCH = YES;
				SDKROOT = iphoneos;
				SWIFT_ACTIVE_COMPILATION_CONDITIONS = "DEBUG $(inherited)";
				SWIFT_OPTIMIZATION_LEVEL = "-Onone";
			};
			name = Debug;
		};
		7F3BB9122C7856AE00CBF06E /* Release */ = {
			isa = XCBuildConfiguration;
			buildSettings = {
				ALWAYS_SEARCH_USER_PATHS = NO;
				ASSETCATALOG_COMPILER_GENERATE_SWIFT_ASSET_SYMBOL_EXTENSIONS = YES;
				CLANG_ANALYZER_LOCALIZABILITY_NONLOCALIZED = YES;
				CLANG_ANALYZER_NONNULL = YES;
				CLANG_ANALYZER_NUMBER_OBJECT_CONVERSION = YES_AGGRESSIVE;
				CLANG_CXX_LANGUAGE_STANDARD = "gnu++20";
				CLANG_ENABLE_MODULES = YES;
				CLANG_ENABLE_OBJC_ARC = YES;
				CLANG_ENABLE_OBJC_WEAK = YES;
				CLANG_WARN_BLOCK_CAPTURE_AUTORELEASING = YES;
				CLANG_WARN_BOOL_CONVERSION = YES;
				CLANG_WARN_COMMA = YES;
				CLANG_WARN_CONSTANT_CONVERSION = YES;
				CLANG_WARN_DEPRECATED_OBJC_IMPLEMENTATIONS = YES;
				CLANG_WARN_DIRECT_OBJC_ISA_USAGE = YES_ERROR;
				CLANG_WARN_DOCUMENTATION_COMMENTS = YES;
				CLANG_WARN_EMPTY_BODY = YES;
				CLANG_WARN_ENUM_CONVERSION = YES;
				CLANG_WARN_INFINITE_RECURSION = YES;
				CLANG_WARN_INT_CONVERSION = YES;
				CLANG_WARN_NON_LITERAL_NULL_CONVERSION = YES;
				CLANG_WARN_OBJC_IMPLICIT_RETAIN_SELF = YES;
				CLANG_WARN_OBJC_LITERAL_CONVERSION = YES;
				CLANG_WARN_OBJC_ROOT_CLASS = YES_ERROR;
				CLANG_WARN_QUOTED_INCLUDE_IN_FRAMEWORK_HEADER = YES;
				CLANG_WARN_RANGE_LOOP_ANALYSIS = YES;
				CLANG_WARN_STRICT_PROTOTYPES = YES;
				CLANG_WARN_SUSPICIOUS_MOVE = YES;
				CLANG_WARN_UNGUARDED_AVAILABILITY = YES_AGGRESSIVE;
				CLANG_WARN_UNREACHABLE_CODE = YES;
				CLANG_WARN__DUPLICATE_METHOD_MATCH = YES;
				COPY_PHASE_STRIP = NO;
				DEBUG_INFORMATION_FORMAT = "dwarf-with-dsym";
				ENABLE_NS_ASSERTIONS = NO;
				ENABLE_STRICT_OBJC_MSGSEND = YES;
				ENABLE_USER_SCRIPT_SANDBOXING = NO;
				GCC_C_LANGUAGE_STANDARD = gnu17;
				GCC_NO_COMMON_BLOCKS = YES;
				GCC_WARN_64_TO_32_BIT_CONVERSION = YES;
				GCC_WARN_ABOUT_RETURN_TYPE = YES_ERROR;
				GCC_WARN_UNDECLARED_SELECTOR = YES;
				GCC_WARN_UNINITIALIZED_AUTOS = YES_AGGRESSIVE;
				GCC_WARN_UNUSED_FUNCTION = YES;
				GCC_WARN_UNUSED_VARIABLE = YES;
				IPHONEOS_DEPLOYMENT_TARGET = 17.5;
				LOCALIZATION_PREFERS_STRING_CATALOGS = YES;
				MTL_ENABLE_DEBUG_INFO = NO;
				MTL_FAST_MATH = YES;
				SDKROOT = iphoneos;
				SWIFT_COMPILATION_MODE = wholemodule;
				VALIDATE_PRODUCT = YES;
			};
			name = Release;
		};
		7F3BB9142C7856AE00CBF06E /* Debug */ = {
			isa = XCBuildConfiguration;
			baseConfigurationReference = B3F88A0E8B553DA95E48ED67 /* Pods-UIKitTest.debug.xcconfig */;
			buildSettings = {
				ASSETCATALOG_COMPILER_APPICON_NAME = AppIcon;
				ASSETCATALOG_COMPILER_GLOBAL_ACCENT_COLOR_NAME = AccentColor;
				CODE_SIGN_STYLE = Automatic;
				CURRENT_PROJECT_VERSION = 1;
				DEVELOPMENT_TEAM = A4UN56F3VK;
				GENERATE_INFOPLIST_FILE = YES;
				INFOPLIST_FILE = UIKitTest/Info.plist;
				INFOPLIST_KEY_UIApplicationSupportsIndirectInputEvents = YES;
				INFOPLIST_KEY_UILaunchStoryboardName = LaunchScreen;
				INFOPLIST_KEY_UIMainStoryboardFile = Main;
				INFOPLIST_KEY_UIStatusBarStyle = "";
				INFOPLIST_KEY_UISupportedInterfaceOrientations = "UIInterfaceOrientationPortrait UIInterfaceOrientationPortraitUpsideDown";
				INFOPLIST_KEY_UISupportedInterfaceOrientations_iPad = "UIInterfaceOrientationLandscapeLeft UIInterfaceOrientationLandscapeRight UIInterfaceOrientationPortrait UIInterfaceOrientationPortraitUpsideDown";
				INFOPLIST_KEY_UIUserInterfaceStyle = Light;
				IPHONEOS_DEPLOYMENT_TARGET = 15.0;
				LD_RUNPATH_SEARCH_PATHS = (
					"$(inherited)",
					"@executable_path/Frameworks",
				);
				MARKETING_VERSION = 1.0;
				PRODUCT_BUNDLE_IDENTIFIER = com.zhan.UIKitTest;
				PRODUCT_NAME = "$(TARGET_NAME)";
				SUPPORTED_PLATFORMS = "iphoneos iphonesimulator";
				SUPPORTS_MACCATALYST = NO;
				SUPPORTS_MAC_DESIGNED_FOR_IPHONE_IPAD = NO;
				SUPPORTS_XR_DESIGNED_FOR_IPHONE_IPAD = NO;
				SWIFT_EMIT_LOC_STRINGS = YES;
				SWIFT_VERSION = 5.0;
				TARGETED_DEVICE_FAMILY = 1;
			};
			name = Debug;
		};
		7F3BB9152C7856AE00CBF06E /* Release */ = {
			isa = XCBuildConfiguration;
			baseConfigurationReference = A9D66F102EC61B7AC514A4C0 /* Pods-UIKitTest.release.xcconfig */;
			buildSettings = {
				ASSETCATALOG_COMPILER_APPICON_NAME = AppIcon;
				ASSETCATALOG_COMPILER_GLOBAL_ACCENT_COLOR_NAME = AccentColor;
				CODE_SIGN_STYLE = Automatic;
				CURRENT_PROJECT_VERSION = 1;
				DEVELOPMENT_TEAM = A4UN56F3VK;
				GENERATE_INFOPLIST_FILE = YES;
				INFOPLIST_FILE = UIKitTest/Info.plist;
				INFOPLIST_KEY_UIApplicationSupportsIndirectInputEvents = YES;
				INFOPLIST_KEY_UILaunchStoryboardName = LaunchScreen;
				INFOPLIST_KEY_UIMainStoryboardFile = Main;
				INFOPLIST_KEY_UIStatusBarStyle = "";
				INFOPLIST_KEY_UISupportedInterfaceOrientations = "UIInterfaceOrientationPortrait UIInterfaceOrientationPortraitUpsideDown";
				INFOPLIST_KEY_UISupportedInterfaceOrientations_iPad = "UIInterfaceOrientationLandscapeLeft UIInterfaceOrientationLandscapeRight UIInterfaceOrientationPortrait UIInterfaceOrientationPortraitUpsideDown";
				INFOPLIST_KEY_UIUserInterfaceStyle = Light;
				IPHONEOS_DEPLOYMENT_TARGET = 15.0;
				LD_RUNPATH_SEARCH_PATHS = (
					"$(inherited)",
					"@executable_path/Frameworks",
				);
				MARKETING_VERSION = 1.0;
				PRODUCT_BUNDLE_IDENTIFIER = com.zhan.UIKitTest;
				PRODUCT_NAME = "$(TARGET_NAME)";
				SUPPORTED_PLATFORMS = "iphoneos iphonesimulator";
				SUPPORTS_MACCATALYST = NO;
				SUPPORTS_MAC_DESIGNED_FOR_IPHONE_IPAD = NO;
				SUPPORTS_XR_DESIGNED_FOR_IPHONE_IPAD = NO;
				SWIFT_EMIT_LOC_STRINGS = YES;
				SWIFT_VERSION = 5.0;
				TARGETED_DEVICE_FAMILY = 1;
			};
			name = Release;
		};
/* End XCBuildConfiguration section */

/* Begin XCConfigurationList section */
		7F3BB8F72C7856AD00CBF06E /* Build configuration list for PBXProject "UIKitTest" */ = {
			isa = XCConfigurationList;
			buildConfigurations = (
				7F3BB9112C7856AE00CBF06E /* Debug */,
				7F3BB9122C7856AE00CBF06E /* Release */,
			);
			defaultConfigurationIsVisible = 0;
			defaultConfigurationName = Release;
		};
		7F3BB9132C7856AE00CBF06E /* Build configuration list for PBXNativeTarget "UIKitTest" */ = {
			isa = XCConfigurationList;
			buildConfigurations = (
				7F3BB9142C7856AE00CBF06E /* Debug */,
				7F3BB9152C7856AE00CBF06E /* Release */,
			);
			defaultConfigurationIsVisible = 0;
			defaultConfigurationName = Release;
		};
/* End XCConfigurationList section */

/* Begin XCVersionGroup section */
		7F3BB9082C7856AD00CBF06E /* UIKitTest.xcdatamodeld */ = {
			isa = XCVersionGroup;
			children = (
				7F3BB9092C7856AD00CBF06E /* UIKitTest.xcdatamodel */,
			);
			currentVersion = 7F3BB9092C7856AD00CBF06E /* UIKitTest.xcdatamodel */;
			path = UIKitTest.xcdatamodeld;
			sourceTree = "<group>";
			versionGroupType = wrapper.xcdatamodel;
		};
/* End XCVersionGroup section */
	};
	rootObject = 7F3BB8F42C7856AD00CBF06E /* Project object */;
}
