// !$*UTF8*$!
{
	archiveVersion = 1;
	classes = {
	};
	objectVersion = 56;
	objects = {

/* Begin PBXBuildFile section */
		2B6D7D72FBF3B2D61D9CBA03 /* Pods_UIKitTest.framework in Frameworks */ = {isa = PBXBuildFile; fileRef = 54553CAF9BC0B08DCC70436A /* Pods_UIKitTest.framework */; };
		7F12362A2C86AA1700549E27 /* FavoritrCreationResponse.swift in Sources */ = {isa = PBXBuildFile; fileRef = 7F1236292C86AA1700549E27 /* FavoritrCreationResponse.swift */; };
		7F12362D2C86BE3D00549E27 /* APITestUI.swift in Sources */ = {isa = PBXBuildFile; fileRef = 7F12362C2C86BE3D00549E27 /* APITestUI.swift */; };
		7F1236332C86E2F400549E27 /* ImageUrlScreen.swift in Sources */ = {isa = PBXBuildFile; fileRef = 7F1236322C86E2F400549E27 /* ImageUrlScreen.swift */; };
		7F1236362C86F6AA00549E27 /* ApiRespone.swift in Sources */ = {isa = PBXBuildFile; fileRef = 7F1236352C86F6AA00549E27 /* ApiRespone.swift */; };
		7F263D442C87E91500624922 /* LoadingAnimationScreen.swift in Sources */ = {isa = PBXBuildFile; fileRef = 7F263D432C87E91500624922 /* LoadingAnimationScreen.swift */; };
		7F2D19932C816B5500C12968 /* OTPCodeUI.swift in Sources */ = {isa = PBXBuildFile; fileRef = 7F2D19922C816B5500C12968 /* OTPCodeUI.swift */; };
		7F2F47A62C80169A00D5BB10 /* FaceRecognitionScreen.swift in Sources */ = {isa = PBXBuildFile; fileRef = 7F2F47A52C80169A00D5BB10 /* FaceRecognitionScreen.swift */; };
		7F2F47AA2C80170E00D5BB10 /* FaceRecognitionUI.swift in Sources */ = {isa = PBXBuildFile; fileRef = 7F2F47A82C80170E00D5BB10 /* FaceRecognitionUI.swift */; };
		7F2F47CB2C8049BD00D5BB10 /* MyTitleBar.swift in Sources */ = {isa = PBXBuildFile; fileRef = 7F2F47C92C8049BD00D5BB10 /* MyTitleBar.swift */; };
		7F3BB9002C7856AD00CBF06E /* AppDelegate.swift in Sources */ = {isa = PBXBuildFile; fileRef = 7F3BB8FF2C7856AD00CBF06E /* AppDelegate.swift */; };
		7F3BB9022C7856AD00CBF06E /* SceneDelegate.swift in Sources */ = {isa = PBXBuildFile; fileRef = 7F3BB9012C7856AD00CBF06E /* SceneDelegate.swift */; };
		7F3BB9042C7856AD00CBF06E /* ViewController.swift in Sources */ = {isa = PBXBuildFile; fileRef = 7F3BB9032C7856AD00CBF06E /* ViewController.swift */; };
		7F3BB9072C7856AD00CBF06E /* Base in Resources */ = {isa = PBXBuildFile; fileRef = 7F3BB9062C7856AD00CBF06E /* Base */; };
		7F3BB90A2C7856AD00CBF06E /* UIKitTest.xcdatamodeld in Sources */ = {isa = PBXBuildFile; fileRef = 7F3BB9082C7856AD00CBF06E /* UIKitTest.xcdatamodeld */; };
		7F3BB90C2C7856AE00CBF06E /* Assets.xcassets in Resources */ = {isa = PBXBuildFile; fileRef = 7F3BB90B2C7856AE00CBF06E /* Assets.xcassets */; };
		7F3BB90F2C7856AE00CBF06E /* Base in Resources */ = {isa = PBXBuildFile; fileRef = 7F3BB90E2C7856AE00CBF06E /* Base */; };
		7F3BB9352C78575F00CBF06E /* TextSettingScreen.swift in Sources */ = {isa = PBXBuildFile; fileRef = 7F3BB9172C78575E00CBF06E /* TextSettingScreen.swift */; };
		7F3BB9362C78575F00CBF06E /* WebViewScreen.swift in Sources */ = {isa = PBXBuildFile; fileRef = 7F3BB9192C78575E00CBF06E /* WebViewScreen.swift */; };
		7F3BB9372C78575F00CBF06E /* PageViewScreen.swift in Sources */ = {isa = PBXBuildFile; fileRef = 7F3BB91B2C78575E00CBF06E /* PageViewScreen.swift */; };
		7F3BB93A2C78575F00CBF06E /* OTPScreen.swift in Sources */ = {isa = PBXBuildFile; fileRef = 7F3BB9212C78575F00CBF06E /* OTPScreen.swift */; };
		7F3BB93C2C78575F00CBF06E /* MapScreen.swift in Sources */ = {isa = PBXBuildFile; fileRef = 7F3BB9252C78575F00CBF06E /* MapScreen.swift */; };
		7F3BB93D2C78575F00CBF06E /* FirstTestScreen.swift in Sources */ = {isa = PBXBuildFile; fileRef = 7F3BB9272C78575F00CBF06E /* FirstTestScreen.swift */; };
		7F3BB93F2C78575F00CBF06E /* DownMenuScreen.swift in Sources */ = {isa = PBXBuildFile; fileRef = 7F3BB92B2C78575F00CBF06E /* DownMenuScreen.swift */; };
		7F3BB9422C78575F00CBF06E /* SwitchLanguageScreen.swift in Sources */ = {isa = PBXBuildFile; fileRef = 7F3BB9302C78575F00CBF06E /* SwitchLanguageScreen.swift */; };
		7F3BB9432C78575F00CBF06E /* TableCell.swift in Sources */ = {isa = PBXBuildFile; fileRef = 7F3BB9322C78575F00CBF06E /* TableCell.swift */; };
		7F3BB9442C78575F00CBF06E /* TableTestScreen.swift in Sources */ = {isa = PBXBuildFile; fileRef = 7F3BB9332C78575F00CBF06E /* TableTestScreen.swift */; };
		7F3BB94E2C78596F00CBF06E /* ImageNameItem.swift in Sources */ = {isa = PBXBuildFile; fileRef = 7F3BB9452C78596F00CBF06E /* ImageNameItem.swift */; };
		7F3BB94F2C78596F00CBF06E /* ScreenIDItem.swift in Sources */ = {isa = PBXBuildFile; fileRef = 7F3BB9462C78596F00CBF06E /* ScreenIDItem.swift */; };
		7F4B8C822C8FD5B300E40496 /* DropdownScreen.swift in Sources */ = {isa = PBXBuildFile; fileRef = 7F4B8C812C8FD5B300E40496 /* DropdownScreen.swift */; };
		7F4B8C852C8FDFED00E40496 /* DropdownUI.swift in Sources */ = {isa = PBXBuildFile; fileRef = 7F4B8C842C8FDFED00E40496 /* DropdownUI.swift */; };
		7F54CCD22C7C5F5C00539929 /* TextSettingUI.swift in Sources */ = {isa = PBXBuildFile; fileRef = 7F54CCD12C7C5F5C00539929 /* TextSettingUI.swift */; };
		7F59ECB52C9BC205008CDF85 /* APIManager.swift in Sources */ = {isa = PBXBuildFile; fileRef = 7F59EC902C9BC205008CDF85 /* APIManager.swift */; };
		7F59ECB62C9BC205008CDF85 /* APIUrl.swift in Sources */ = {isa = PBXBuildFile; fileRef = 7F59EC912C9BC205008CDF85 /* APIUrl.swift */; };
		7F59ECB72C9BC205008CDF85 /* SFSymbol.swift in Sources */ = {isa = PBXBuildFile; fileRef = 7F59EC932C9BC205008CDF85 /* SFSymbol.swift */; };
		7F59ECB82C9BC205008CDF85 /* UserDefaultsKey.swift in Sources */ = {isa = PBXBuildFile; fileRef = 7F59EC942C9BC205008CDF85 /* UserDefaultsKey.swift */; };
		7F59ECB92C9BC205008CDF85 /* Color+.swift in Sources */ = {isa = PBXBuildFile; fileRef = 7F59EC962C9BC205008CDF85 /* Color+.swift */; };
		7F59ECBA2C9BC205008CDF85 /* Font+.swift in Sources */ = {isa = PBXBuildFile; fileRef = 7F59EC972C9BC205008CDF85 /* Font+.swift */; };
		7F59ECBB2C9BC205008CDF85 /* TextField+.swift in Sources */ = {isa = PBXBuildFile; fileRef = 7F59EC982C9BC205008CDF85 /* TextField+.swift */; };
		7F59ECBC2C9BC205008CDF85 /* URL+.swift in Sources */ = {isa = PBXBuildFile; fileRef = 7F59EC992C9BC205008CDF85 /* URL+.swift */; };
		7F59ECBD2C9BC205008CDF85 /* URLCache+.swift in Sources */ = {isa = PBXBuildFile; fileRef = 7F59EC9A2C9BC205008CDF85 /* URLCache+.swift */; };
		7F59ECBE2C9BC205008CDF85 /* URLSession+.swift in Sources */ = {isa = PBXBuildFile; fileRef = 7F59EC9B2C9BC205008CDF85 /* URLSession+.swift */; };
		7F59ECBF2C9BC205008CDF85 /* View+.swift in Sources */ = {isa = PBXBuildFile; fileRef = 7F59EC9C2C9BC205008CDF85 /* View+.swift */; };
		7F59ECC02C9BC205008CDF85 /* ViewController+.swift in Sources */ = {isa = PBXBuildFile; fileRef = 7F59EC9D2C9BC205008CDF85 /* ViewController+.swift */; };
		7F59ECC12C9BC205008CDF85 /* MyButton.swift in Sources */ = {isa = PBXBuildFile; fileRef = 7F59EC9F2C9BC205008CDF85 /* MyButton.swift */; };
		7F59ECC22C9BC205008CDF85 /* MyImageButton.swift in Sources */ = {isa = PBXBuildFile; fileRef = 7F59ECA02C9BC205008CDF85 /* MyImageButton.swift */; };
		7F59ECC32C9BC205008CDF85 /* MyImage.swift in Sources */ = {isa = PBXBuildFile; fileRef = 7F59ECA22C9BC205008CDF85 /* MyImage.swift */; };
		7F59ECC42C9BC205008CDF85 /* MyImageUrl.swift in Sources */ = {isa = PBXBuildFile; fileRef = 7F59ECA32C9BC205008CDF85 /* MyImageUrl.swift */; };
		7F59ECC52C9BC205008CDF85 /* MySymbol.swift in Sources */ = {isa = PBXBuildFile; fileRef = 7F59ECA42C9BC205008CDF85 /* MySymbol.swift */; };
		7F59ECC62C9BC205008CDF85 /* MyLabel.swift in Sources */ = {isa = PBXBuildFile; fileRef = 7F59ECA62C9BC205008CDF85 /* MyLabel.swift */; };
		7F59ECC72C9BC205008CDF85 /* MyLinkLabel.swift in Sources */ = {isa = PBXBuildFile; fileRef = 7F59ECA72C9BC205008CDF85 /* MyLinkLabel.swift */; };
		7F59ECC82C9BC205008CDF85 /* MyPackageButton.swift in Sources */ = {isa = PBXBuildFile; fileRef = 7F59ECA92C9BC205008CDF85 /* MyPackageButton.swift */; };
		7F59ECC92C9BC205008CDF85 /* MyPackageImage.swift in Sources */ = {isa = PBXBuildFile; fileRef = 7F59ECAA2C9BC205008CDF85 /* MyPackageImage.swift */; };
		7F59ECCA2C9BC205008CDF85 /* MySpacer.swift in Sources */ = {isa = PBXBuildFile; fileRef = 7F59ECAB2C9BC205008CDF85 /* MySpacer.swift */; };
		7F59ECCB2C9BC205008CDF85 /* MyView.swift in Sources */ = {isa = PBXBuildFile; fileRef = 7F59ECAC2C9BC205008CDF85 /* MyView.swift */; };
		7F59ECCC2C9BC205008CDF85 /* MyField.swift in Sources */ = {isa = PBXBuildFile; fileRef = 7F59ECAE2C9BC205008CDF85 /* MyField.swift */; };
		7F59ECCD2C9BC205008CDF85 /* MyLoading.swift in Sources */ = {isa = PBXBuildFile; fileRef = 7F59ECAF2C9BC205008CDF85 /* MyLoading.swift */; };
		7F59ECCE2C9BC205008CDF85 /* MyStack.swift in Sources */ = {isa = PBXBuildFile; fileRef = 7F59ECB02C9BC205008CDF85 /* MyStack.swift */; };
		7F59ECCF2C9BC205008CDF85 /* MyTextField.swift in Sources */ = {isa = PBXBuildFile; fileRef = 7F59ECB12C9BC205008CDF85 /* MyTextField.swift */; };
		7F59ECD02C9BC205008CDF85 /* MyViewController.swift in Sources */ = {isa = PBXBuildFile; fileRef = 7F59ECB32C9BC205008CDF85 /* MyViewController.swift */; };
		7F7860932C820ED100BFA5A5 /* SymbolScreen.swift in Sources */ = {isa = PBXBuildFile; fileRef = 7F7860922C820ED100BFA5A5 /* SymbolScreen.swift */; };
		7F7860962C820F1000BFA5A5 /* SymbolUI.swift in Sources */ = {isa = PBXBuildFile; fileRef = 7F7860952C820F1000BFA5A5 /* SymbolUI.swift */; };
		7F85A9F32C8960260042C6CF /* CameraOverlayScreen.swift in Sources */ = {isa = PBXBuildFile; fileRef = 7F85A9F22C8960260042C6CF /* CameraOverlayScreen.swift */; };
		7F85A9F72C897ADB0042C6CF /* CameraOverlayUI.swift in Sources */ = {isa = PBXBuildFile; fileRef = 7F85A9F62C897ADB0042C6CF /* CameraOverlayUI.swift */; };
		7F85AA192C89A6330042C6CF /* SideMenuScreen.swift in Sources */ = {isa = PBXBuildFile; fileRef = 7F85AA182C89A6330042C6CF /* SideMenuScreen.swift */; };
		7F85AA1F2C89AB980042C6CF /* SideMenuView.swift in Sources */ = {isa = PBXBuildFile; fileRef = 7F85AA1E2C89AB980042C6CF /* SideMenuView.swift */; };
		7F96C3992C8AFAAE00EB8B14 /* MyTextFieldScreen.swift in Sources */ = {isa = PBXBuildFile; fileRef = 7F96C3982C8AFAAE00EB8B14 /* MyTextFieldScreen.swift */; };
		7F9C687B2C7DA72400D96974 /* SwitchLanguageUI.swift in Sources */ = {isa = PBXBuildFile; fileRef = 7F9C687A2C7DA72400D96974 /* SwitchLanguageUI.swift */; };
		7F9C68822C7DC5FB00D96974 /* Localizable.strings in Resources */ = {isa = PBXBuildFile; fileRef = 7F9C68802C7DC5FB00D96974 /* Localizable.strings */; };
		7F9C68852C7DC76800D96974 /* SwitchLanguage.swift in Sources */ = {isa = PBXBuildFile; fileRef = 7F9C68842C7DC76800D96974 /* SwitchLanguage.swift */; };
		7F9C68892C7DCF4100D96974 /* LanguageManager.swift in Sources */ = {isa = PBXBuildFile; fileRef = 7F9C68882C7DCF4100D96974 /* LanguageManager.swift */; };
		7FD1C8702C80B62300E42008 /* DownMenuUI.swift in Sources */ = {isa = PBXBuildFile; fileRef = 7FD1C86F2C80B62300E42008 /* DownMenuUI.swift */; };
		7FDAC5D92C856A4D00A1FB29 /* ImageRespone.swift in Sources */ = {isa = PBXBuildFile; fileRef = 7FDAC5D82C856A4D00A1FB29 /* ImageRespone.swift */; };
		7FDAC5DD2C8587FE00A1FB29 /* APITestScreen.swift in Sources */ = {isa = PBXBuildFile; fileRef = 7FDAC5DC2C8587FE00A1FB29 /* APITestScreen.swift */; };
		7FDAC5E02C8597B500A1FB29 /* AppAPI.swift in Sources */ = {isa = PBXBuildFile; fileRef = 7FDAC5DF2C8597B500A1FB29 /* AppAPI.swift */; };
		7FDAC5E32C85A5AD00A1FB29 /* LoginRespone.swift in Sources */ = {isa = PBXBuildFile; fileRef = 7FDAC5E22C85A5AD00A1FB29 /* LoginRespone.swift */; };
/* End PBXBuildFile section */

/* Begin PBXFileReference section */
		54553CAF9BC0B08DCC70436A /* Pods_UIKitTest.framework */ = {isa = PBXFileReference; explicitFileType = wrapper.framework; includeInIndex = 0; path = Pods_UIKitTest.framework; sourceTree = BUILT_PRODUCTS_DIR; };
		7F1236292C86AA1700549E27 /* FavoritrCreationResponse.swift */ = {isa = PBXFileReference; lastKnownFileType = sourcecode.swift; path = FavoritrCreationResponse.swift; sourceTree = "<group>"; };
		7F12362C2C86BE3D00549E27 /* APITestUI.swift */ = {isa = PBXFileReference; lastKnownFileType = sourcecode.swift; path = APITestUI.swift; sourceTree = "<group>"; };
		7F1236322C86E2F400549E27 /* ImageUrlScreen.swift */ = {isa = PBXFileReference; lastKnownFileType = sourcecode.swift; path = ImageUrlScreen.swift; sourceTree = "<group>"; };
		7F1236352C86F6AA00549E27 /* ApiRespone.swift */ = {isa = PBXFileReference; lastKnownFileType = sourcecode.swift; path = ApiRespone.swift; sourceTree = "<group>"; };
		7F263D432C87E91500624922 /* LoadingAnimationScreen.swift */ = {isa = PBXFileReference; lastKnownFileType = sourcecode.swift; path = LoadingAnimationScreen.swift; sourceTree = "<group>"; };
		7F2D19922C816B5500C12968 /* OTPCodeUI.swift */ = {isa = PBXFileReference; lastKnownFileType = sourcecode.swift; path = OTPCodeUI.swift; sourceTree = "<group>"; };
		7F2F47A52C80169A00D5BB10 /* FaceRecognitionScreen.swift */ = {isa = PBXFileReference; lastKnownFileType = sourcecode.swift; path = FaceRecognitionScreen.swift; sourceTree = "<group>"; };
		7F2F47A82C80170E00D5BB10 /* FaceRecognitionUI.swift */ = {isa = PBXFileReference; lastKnownFileType = sourcecode.swift; path = FaceRecognitionUI.swift; sourceTree = "<group>"; };
		7F2F47C92C8049BD00D5BB10 /* MyTitleBar.swift */ = {isa = PBXFileReference; lastKnownFileType = sourcecode.swift; path = MyTitleBar.swift; sourceTree = "<group>"; };
		7F3BB8FC2C7856AD00CBF06E /* UIKitTest.app */ = {isa = PBXFileReference; explicitFileType = wrapper.application; includeInIndex = 0; path = UIKitTest.app; sourceTree = BUILT_PRODUCTS_DIR; };
		7F3BB8FF2C7856AD00CBF06E /* AppDelegate.swift */ = {isa = PBXFileReference; lastKnownFileType = sourcecode.swift; path = AppDelegate.swift; sourceTree = "<group>"; };
		7F3BB9012C7856AD00CBF06E /* SceneDelegate.swift */ = {isa = PBXFileReference; lastKnownFileType = sourcecode.swift; path = SceneDelegate.swift; sourceTree = "<group>"; };
		7F3BB9032C7856AD00CBF06E /* ViewController.swift */ = {isa = PBXFileReference; lastKnownFileType = sourcecode.swift; path = ViewController.swift; sourceTree = "<group>"; };
		7F3BB9062C7856AD00CBF06E /* Base */ = {isa = PBXFileReference; lastKnownFileType = file.storyboard; name = Base; path = Base.lproj/Main.storyboard; sourceTree = "<group>"; };
		7F3BB9092C7856AD00CBF06E /* UIKitTest.xcdatamodel */ = {isa = PBXFileReference; lastKnownFileType = wrapper.xcdatamodel; path = UIKitTest.xcdatamodel; sourceTree = "<group>"; };
		7F3BB90B2C7856AE00CBF06E /* Assets.xcassets */ = {isa = PBXFileReference; lastKnownFileType = folder.assetcatalog; path = Assets.xcassets; sourceTree = "<group>"; };
		7F3BB90E2C7856AE00CBF06E /* Base */ = {isa = PBXFileReference; lastKnownFileType = file.storyboard; name = Base; path = Base.lproj/LaunchScreen.storyboard; sourceTree = "<group>"; };
		7F3BB9102C7856AE00CBF06E /* Info.plist */ = {isa = PBXFileReference; lastKnownFileType = text.plist.xml; path = Info.plist; sourceTree = "<group>"; };
		7F3BB9172C78575E00CBF06E /* TextSettingScreen.swift */ = {isa = PBXFileReference; fileEncoding = 4; lastKnownFileType = sourcecode.swift; path = TextSettingScreen.swift; sourceTree = "<group>"; };
		7F3BB9192C78575E00CBF06E /* WebViewScreen.swift */ = {isa = PBXFileReference; fileEncoding = 4; lastKnownFileType = sourcecode.swift; path = WebViewScreen.swift; sourceTree = "<group>"; };
		7F3BB91B2C78575E00CBF06E /* PageViewScreen.swift */ = {isa = PBXFileReference; fileEncoding = 4; lastKnownFileType = sourcecode.swift; path = PageViewScreen.swift; sourceTree = "<group>"; };
		7F3BB9212C78575F00CBF06E /* OTPScreen.swift */ = {isa = PBXFileReference; fileEncoding = 4; lastKnownFileType = sourcecode.swift; path = OTPScreen.swift; sourceTree = "<group>"; };
		7F3BB9252C78575F00CBF06E /* MapScreen.swift */ = {isa = PBXFileReference; fileEncoding = 4; lastKnownFileType = sourcecode.swift; path = MapScreen.swift; sourceTree = "<group>"; };
		7F3BB9272C78575F00CBF06E /* FirstTestScreen.swift */ = {isa = PBXFileReference; fileEncoding = 4; lastKnownFileType = sourcecode.swift; path = FirstTestScreen.swift; sourceTree = "<group>"; };
		7F3BB92B2C78575F00CBF06E /* DownMenuScreen.swift */ = {isa = PBXFileReference; fileEncoding = 4; lastKnownFileType = sourcecode.swift; path = DownMenuScreen.swift; sourceTree = "<group>"; };
		7F3BB9302C78575F00CBF06E /* SwitchLanguageScreen.swift */ = {isa = PBXFileReference; fileEncoding = 4; lastKnownFileType = sourcecode.swift; path = SwitchLanguageScreen.swift; sourceTree = "<group>"; };
		7F3BB9322C78575F00CBF06E /* TableCell.swift */ = {isa = PBXFileReference; fileEncoding = 4; lastKnownFileType = sourcecode.swift; path = TableCell.swift; sourceTree = "<group>"; };
		7F3BB9332C78575F00CBF06E /* TableTestScreen.swift */ = {isa = PBXFileReference; fileEncoding = 4; lastKnownFileType = sourcecode.swift; path = TableTestScreen.swift; sourceTree = "<group>"; };
		7F3BB9452C78596F00CBF06E /* ImageNameItem.swift */ = {isa = PBXFileReference; fileEncoding = 4; lastKnownFileType = sourcecode.swift; path = ImageNameItem.swift; sourceTree = "<group>"; };
		7F3BB9462C78596F00CBF06E /* ScreenIDItem.swift */ = {isa = PBXFileReference; fileEncoding = 4; lastKnownFileType = sourcecode.swift; path = ScreenIDItem.swift; sourceTree = "<group>"; };
		7F4B8C812C8FD5B300E40496 /* DropdownScreen.swift */ = {isa = PBXFileReference; lastKnownFileType = sourcecode.swift; path = DropdownScreen.swift; sourceTree = "<group>"; };
		7F4B8C842C8FDFED00E40496 /* DropdownUI.swift */ = {isa = PBXFileReference; lastKnownFileType = sourcecode.swift; path = DropdownUI.swift; sourceTree = "<group>"; };
		7F54CCD12C7C5F5C00539929 /* TextSettingUI.swift */ = {isa = PBXFileReference; lastKnownFileType = sourcecode.swift; path = TextSettingUI.swift; sourceTree = "<group>"; };
		7F59EC902C9BC205008CDF85 /* APIManager.swift */ = {isa = PBXFileReference; fileEncoding = 4; lastKnownFileType = sourcecode.swift; path = APIManager.swift; sourceTree = "<group>"; };
		7F59EC912C9BC205008CDF85 /* APIUrl.swift */ = {isa = PBXFileReference; fileEncoding = 4; lastKnownFileType = sourcecode.swift; path = APIUrl.swift; sourceTree = "<group>"; };
		7F59EC932C9BC205008CDF85 /* SFSymbol.swift */ = {isa = PBXFileReference; fileEncoding = 4; lastKnownFileType = sourcecode.swift; path = SFSymbol.swift; sourceTree = "<group>"; };
		7F59EC942C9BC205008CDF85 /* UserDefaultsKey.swift */ = {isa = PBXFileReference; fileEncoding = 4; lastKnownFileType = sourcecode.swift; path = UserDefaultsKey.swift; sourceTree = "<group>"; };
		7F59EC962C9BC205008CDF85 /* Color+.swift */ = {isa = PBXFileReference; fileEncoding = 4; lastKnownFileType = sourcecode.swift; path = "Color+.swift"; sourceTree = "<group>"; };
		7F59EC972C9BC205008CDF85 /* Font+.swift */ = {isa = PBXFileReference; fileEncoding = 4; lastKnownFileType = sourcecode.swift; path = "Font+.swift"; sourceTree = "<group>"; };
		7F59EC982C9BC205008CDF85 /* TextField+.swift */ = {isa = PBXFileReference; fileEncoding = 4; lastKnownFileType = sourcecode.swift; path = "TextField+.swift"; sourceTree = "<group>"; };
		7F59EC992C9BC205008CDF85 /* URL+.swift */ = {isa = PBXFileReference; fileEncoding = 4; lastKnownFileType = sourcecode.swift; path = "URL+.swift"; sourceTree = "<group>"; };
		7F59EC9A2C9BC205008CDF85 /* URLCache+.swift */ = {isa = PBXFileReference; fileEncoding = 4; lastKnownFileType = sourcecode.swift; path = "URLCache+.swift"; sourceTree = "<group>"; };
		7F59EC9B2C9BC205008CDF85 /* URLSession+.swift */ = {isa = PBXFileReference; fileEncoding = 4; lastKnownFileType = sourcecode.swift; path = "URLSession+.swift"; sourceTree = "<group>"; };
		7F59EC9C2C9BC205008CDF85 /* View+.swift */ = {isa = PBXFileReference; fileEncoding = 4; lastKnownFileType = sourcecode.swift; path = "View+.swift"; sourceTree = "<group>"; };
		7F59EC9D2C9BC205008CDF85 /* ViewController+.swift */ = {isa = PBXFileReference; fileEncoding = 4; lastKnownFileType = sourcecode.swift; path = "ViewController+.swift"; sourceTree = "<group>"; };
		7F59EC9F2C9BC205008CDF85 /* MyButton.swift */ = {isa = PBXFileReference; fileEncoding = 4; lastKnownFileType = sourcecode.swift; path = MyButton.swift; sourceTree = "<group>"; };
		7F59ECA02C9BC205008CDF85 /* MyImageButton.swift */ = {isa = PBXFileReference; fileEncoding = 4; lastKnownFileType = sourcecode.swift; path = MyImageButton.swift; sourceTree = "<group>"; };
		7F59ECA22C9BC205008CDF85 /* MyImage.swift */ = {isa = PBXFileReference; fileEncoding = 4; lastKnownFileType = sourcecode.swift; path = MyImage.swift; sourceTree = "<group>"; };
		7F59ECA32C9BC205008CDF85 /* MyImageUrl.swift */ = {isa = PBXFileReference; fileEncoding = 4; lastKnownFileType = sourcecode.swift; path = MyImageUrl.swift; sourceTree = "<group>"; };
		7F59ECA42C9BC205008CDF85 /* MySymbol.swift */ = {isa = PBXFileReference; fileEncoding = 4; lastKnownFileType = sourcecode.swift; path = MySymbol.swift; sourceTree = "<group>"; };
		7F59ECA62C9BC205008CDF85 /* MyLabel.swift */ = {isa = PBXFileReference; fileEncoding = 4; lastKnownFileType = sourcecode.swift; path = MyLabel.swift; sourceTree = "<group>"; };
		7F59ECA72C9BC205008CDF85 /* MyLinkLabel.swift */ = {isa = PBXFileReference; fileEncoding = 4; lastKnownFileType = sourcecode.swift; path = MyLinkLabel.swift; sourceTree = "<group>"; };
		7F59ECA92C9BC205008CDF85 /* MyPackageButton.swift */ = {isa = PBXFileReference; fileEncoding = 4; lastKnownFileType = sourcecode.swift; path = MyPackageButton.swift; sourceTree = "<group>"; };
		7F59ECAA2C9BC205008CDF85 /* MyPackageImage.swift */ = {isa = PBXFileReference; fileEncoding = 4; lastKnownFileType = sourcecode.swift; path = MyPackageImage.swift; sourceTree = "<group>"; };
		7F59ECAB2C9BC205008CDF85 /* MySpacer.swift */ = {isa = PBXFileReference; fileEncoding = 4; lastKnownFileType = sourcecode.swift; path = MySpacer.swift; sourceTree = "<group>"; };
		7F59ECAC2C9BC205008CDF85 /* MyView.swift */ = {isa = PBXFileReference; fileEncoding = 4; lastKnownFileType = sourcecode.swift; path = MyView.swift; sourceTree = "<group>"; };
		7F59ECAE2C9BC205008CDF85 /* MyField.swift */ = {isa = PBXFileReference; fileEncoding = 4; lastKnownFileType = sourcecode.swift; path = MyField.swift; sourceTree = "<group>"; };
		7F59ECAF2C9BC205008CDF85 /* MyLoading.swift */ = {isa = PBXFileReference; fileEncoding = 4; lastKnownFileType = sourcecode.swift; path = MyLoading.swift; sourceTree = "<group>"; };
		7F59ECB02C9BC205008CDF85 /* MyStack.swift */ = {isa = PBXFileReference; fileEncoding = 4; lastKnownFileType = sourcecode.swift; path = MyStack.swift; sourceTree = "<group>"; };
		7F59ECB12C9BC205008CDF85 /* MyTextField.swift */ = {isa = PBXFileReference; fileEncoding = 4; lastKnownFileType = sourcecode.swift; path = MyTextField.swift; sourceTree = "<group>"; };
		7F59ECB32C9BC205008CDF85 /* MyViewController.swift */ = {isa = PBXFileReference; fileEncoding = 4; lastKnownFileType = sourcecode.swift; path = MyViewController.swift; sourceTree = "<group>"; };
		7F7860922C820ED100BFA5A5 /* SymbolScreen.swift */ = {isa = PBXFileReference; lastKnownFileType = sourcecode.swift; path = SymbolScreen.swift; sourceTree = "<group>"; };
		7F7860952C820F1000BFA5A5 /* SymbolUI.swift */ = {isa = PBXFileReference; lastKnownFileType = sourcecode.swift; path = SymbolUI.swift; sourceTree = "<group>"; };
		7F85A9F22C8960260042C6CF /* CameraOverlayScreen.swift */ = {isa = PBXFileReference; lastKnownFileType = sourcecode.swift; path = CameraOverlayScreen.swift; sourceTree = "<group>"; };
		7F85A9F62C897ADB0042C6CF /* CameraOverlayUI.swift */ = {isa = PBXFileReference; lastKnownFileType = sourcecode.swift; path = CameraOverlayUI.swift; sourceTree = "<group>"; };
		7F85AA182C89A6330042C6CF /* SideMenuScreen.swift */ = {isa = PBXFileReference; lastKnownFileType = sourcecode.swift; path = SideMenuScreen.swift; sourceTree = "<group>"; };
		7F85AA1E2C89AB980042C6CF /* SideMenuView.swift */ = {isa = PBXFileReference; lastKnownFileType = sourcecode.swift; path = SideMenuView.swift; sourceTree = "<group>"; };
		7F8623F12C7EB1B7002E8839 /* vi */ = {isa = PBXFileReference; lastKnownFileType = text.plist.strings; name = vi; path = vi.lproj/Main.strings; sourceTree = "<group>"; };
		7F8623F22C7EB1B7002E8839 /* vi */ = {isa = PBXFileReference; lastKnownFileType = text.plist.strings; name = vi; path = vi.lproj/LaunchScreen.strings; sourceTree = "<group>"; };
		7F8623F32C7EB1B7002E8839 /* vi */ = {isa = PBXFileReference; lastKnownFileType = text.plist.strings; name = vi; path = vi.lproj/Localizable.strings; sourceTree = "<group>"; };
		7F8623F42C7EB21E002E8839 /* id */ = {isa = PBXFileReference; lastKnownFileType = text.plist.strings; name = id; path = id.lproj/Main.strings; sourceTree = "<group>"; };
		7F8623F52C7EB21E002E8839 /* id */ = {isa = PBXFileReference; lastKnownFileType = text.plist.strings; name = id; path = id.lproj/LaunchScreen.strings; sourceTree = "<group>"; };
		7F8623F62C7EB21E002E8839 /* id */ = {isa = PBXFileReference; lastKnownFileType = text.plist.strings; name = id; path = id.lproj/Localizable.strings; sourceTree = "<group>"; };
		7F96C3982C8AFAAE00EB8B14 /* MyTextFieldScreen.swift */ = {isa = PBXFileReference; lastKnownFileType = sourcecode.swift; path = MyTextFieldScreen.swift; sourceTree = "<group>"; };
		7F9C687A2C7DA72400D96974 /* SwitchLanguageUI.swift */ = {isa = PBXFileReference; lastKnownFileType = sourcecode.swift; path = SwitchLanguageUI.swift; sourceTree = "<group>"; };
		7F9C687E2C7DC5E000D96974 /* zh-Hant */ = {isa = PBXFileReference; lastKnownFileType = text.plist.strings; name = "zh-Hant"; path = "zh-Hant.lproj/Main.strings"; sourceTree = "<group>"; };
		7F9C687F2C7DC5E000D96974 /* zh-Hant */ = {isa = PBXFileReference; lastKnownFileType = text.plist.strings; name = "zh-Hant"; path = "zh-Hant.lproj/LaunchScreen.strings"; sourceTree = "<group>"; };
		7F9C68812C7DC5FB00D96974 /* zh-Hant */ = {isa = PBXFileReference; lastKnownFileType = text.plist.strings; name = "zh-Hant"; path = "zh-Hant.lproj/Localizable.strings"; sourceTree = "<group>"; };
		7F9C68832C7DC60700D96974 /* en */ = {isa = PBXFileReference; lastKnownFileType = text.plist.strings; name = en; path = en.lproj/Localizable.strings; sourceTree = "<group>"; };
		7F9C68842C7DC76800D96974 /* SwitchLanguage.swift */ = {isa = PBXFileReference; lastKnownFileType = sourcecode.swift; path = SwitchLanguage.swift; sourceTree = "<group>"; };
		7F9C68882C7DCF4100D96974 /* LanguageManager.swift */ = {isa = PBXFileReference; lastKnownFileType = sourcecode.swift; path = LanguageManager.swift; sourceTree = "<group>"; };
		7FD1C86F2C80B62300E42008 /* DownMenuUI.swift */ = {isa = PBXFileReference; lastKnownFileType = sourcecode.swift; path = DownMenuUI.swift; sourceTree = "<group>"; };
		7FDAC5D82C856A4D00A1FB29 /* ImageRespone.swift */ = {isa = PBXFileReference; lastKnownFileType = sourcecode.swift; path = ImageRespone.swift; sourceTree = "<group>"; };
		7FDAC5DC2C8587FE00A1FB29 /* APITestScreen.swift */ = {isa = PBXFileReference; lastKnownFileType = sourcecode.swift; path = APITestScreen.swift; sourceTree = "<group>"; };
		7FDAC5DF2C8597B500A1FB29 /* AppAPI.swift */ = {isa = PBXFileReference; lastKnownFileType = sourcecode.swift; path = AppAPI.swift; sourceTree = "<group>"; };
		7FDAC5E22C85A5AD00A1FB29 /* LoginRespone.swift */ = {isa = PBXFileReference; lastKnownFileType = sourcecode.swift; path = LoginRespone.swift; sourceTree = "<group>"; };
		A9D66F102EC61B7AC514A4C0 /* Pods-UIKitTest.release.xcconfig */ = {isa = PBXFileReference; includeInIndex = 1; lastKnownFileType = text.xcconfig; name = "Pods-UIKitTest.release.xcconfig"; path = "Target Support Files/Pods-UIKitTest/Pods-UIKitTest.release.xcconfig"; sourceTree = "<group>"; };
		B3F88A0E8B553DA95E48ED67 /* Pods-UIKitTest.debug.xcconfig */ = {isa = PBXFileReference; includeInIndex = 1; lastKnownFileType = text.xcconfig; name = "Pods-UIKitTest.debug.xcconfig"; path = "Target Support Files/Pods-UIKitTest/Pods-UIKitTest.debug.xcconfig"; sourceTree = "<group>"; };
/* End PBXFileReference section */

/* Begin PBXFrameworksBuildPhase section */
		7F3BB8F92C7856AD00CBF06E /* Frameworks */ = {
			isa = PBXFrameworksBuildPhase;
			buildActionMask = 2147483647;
			files = (
				2B6D7D72FBF3B2D61D9CBA03 /* Pods_UIKitTest.framework in Frameworks */,
			);
			runOnlyForDeploymentPostprocessing = 0;
		};
/* End PBXFrameworksBuildPhase section */

/* Begin PBXGroup section */
		406C4A5EFECC32C705759781 /* Pods */ = {
			isa = PBXGroup;
			children = (
				B3F88A0E8B553DA95E48ED67 /* Pods-UIKitTest.debug.xcconfig */,
				A9D66F102EC61B7AC514A4C0 /* Pods-UIKitTest.release.xcconfig */,
			);
			path = Pods;
			sourceTree = "<group>";
		};
		7F12362B2C86BE1800549E27 /* UI */ = {
			isa = PBXGroup;
			children = (
				7F12362C2C86BE3D00549E27 /* APITestUI.swift */,
			);
			path = UI;
			sourceTree = "<group>";
		};
		7F1236312C86E2C300549E27 /* 網路圖片 */ = {
			isa = PBXGroup;
			children = (
				7F1236322C86E2F400549E27 /* ImageUrlScreen.swift */,
			);
			path = "網路圖片";
			sourceTree = "<group>";
		};
		7F1236342C86F34D00549E27 /* AppAPI */ = {
			isa = PBXGroup;
			children = (
				7FDAC5DF2C8597B500A1FB29 /* AppAPI.swift */,
			);
			path = AppAPI;
			sourceTree = "<group>";
		};
		7F263D402C87E49700624922 /* 側選單 */ = {
			isa = PBXGroup;
			children = (
				7F85AA1D2C89AB740042C6CF /* subView */,
				7F85AA182C89A6330042C6CF /* SideMenuScreen.swift */,
			);
			path = "側選單";
			sourceTree = "<group>";
		};
		7F263D422C87E4AA00624922 /* Loading 動畫 */ = {
			isa = PBXGroup;
			children = (
				7F263D432C87E91500624922 /* LoadingAnimationScreen.swift */,
			);
			path = "Loading 動畫";
			sourceTree = "<group>";
		};
		7F2D19912C816A8000C12968 /* UI */ = {
			isa = PBXGroup;
			children = (
				7F2D19922C816B5500C12968 /* OTPCodeUI.swift */,
			);
			path = UI;
			sourceTree = "<group>";
		};
		7F2F47A42C80154600D5BB10 /* 人臉辨識 */ = {
			isa = PBXGroup;
			children = (
				7F2F47A72C8016D200D5BB10 /* UI */,
				7F2F47A52C80169A00D5BB10 /* FaceRecognitionScreen.swift */,
			);
			path = "人臉辨識";
			sourceTree = "<group>";
		};
		7F2F47A72C8016D200D5BB10 /* UI */ = {
			isa = PBXGroup;
			children = (
				7F2F47A82C80170E00D5BB10 /* FaceRecognitionUI.swift */,
			);
			path = UI;
			sourceTree = "<group>";
		};
		7F2F47C62C80494000D5BB10 /* AppUI */ = {
			isa = PBXGroup;
			children = (
				7F2F47C92C8049BD00D5BB10 /* MyTitleBar.swift */,
				7F1236352C86F6AA00549E27 /* ApiRespone.swift */,
			);
			path = AppUI;
			sourceTree = "<group>";
		};
		7F3BB8F32C7856AD00CBF06E = {
			isa = PBXGroup;
			children = (
				7F3BB8FE2C7856AD00CBF06E /* UIKitTest */,
				7F3BB8FD2C7856AD00CBF06E /* Products */,
				406C4A5EFECC32C705759781 /* Pods */,
				855992885BEB3DD04DA25F03 /* Frameworks */,
			);
			sourceTree = "<group>";
		};
		7F3BB8FD2C7856AD00CBF06E /* Products */ = {
			isa = PBXGroup;
			children = (
				7F3BB8FC2C7856AD00CBF06E /* UIKitTest.app */,
			);
			name = Products;
			sourceTree = "<group>";
		};
		7F3BB8FE2C7856AD00CBF06E /* UIKitTest */ = {
			isa = PBXGroup;
			children = (
				7F3BB8FF2C7856AD00CBF06E /* AppDelegate.swift */,
				7F3BB9012C7856AD00CBF06E /* SceneDelegate.swift */,
				7F3BB9032C7856AD00CBF06E /* ViewController.swift */,
				7F59ECB42C9BC205008CDF85 /* MyTools */,
				7FDAC5E12C8597F800A1FB29 /* AppTools */,
				7F3BB9102C7856AE00CBF06E /* Info.plist */,
				7F3BB9052C7856AD00CBF06E /* Main.storyboard */,
				7F3BB9282C78575F00CBF06E /* 簡單練習 */,
				7F3BB9312C78575F00CBF06E /* 語系切換練習 */,
				7F3BB91A2C78575E00CBF06E /* WebView練習 */,
				7F3BB91C2C78575E00CBF06E /* Banner套件 */,
				7F3BB92C2C78575F00CBF06E /* 下拉式選單 */,
				7F3BB9262C78575F00CBF06E /* GoogleMap練習 */,
				7F3BB9222C78575F00CBF06E /* OTP填入練習 */,
				7F3BB9182C78575E00CBF06E /* 文字格式辨識 */,
				7F2F47A42C80154600D5BB10 /* 人臉辨識 */,
				7F3BB9342C78575F00CBF06E /* TabelView練習 */,
				7F7860912C820E9900BFA5A5 /* SFSymbol應用 */,
				7FDAC5D42C8564AB00A1FB29 /* API應用 */,
				7F1236312C86E2C300549E27 /* 網路圖片 */,
				7F263D402C87E49700624922 /* 側選單 */,
				7F263D422C87E4AA00624922 /* Loading 動畫 */,
				7F85A9F12C895FFD0042C6CF /* 相機遮罩 */,
				7F96C3972C8AFA7500EB8B14 /* 自定義輸入框 */,
				7F4B8C802C8FD54F00E40496 /* 自定義下拉選單 */,
				7F3BB90B2C7856AE00CBF06E /* Assets.xcassets */,
				7F3BB90D2C7856AE00CBF06E /* LaunchScreen.storyboard */,
				7F3BB9082C7856AD00CBF06E /* UIKitTest.xcdatamodeld */,
				7F9C68802C7DC5FB00D96974 /* Localizable.strings */,
			);
			path = UIKitTest;
			sourceTree = "<group>";
		};
		7F3BB9182C78575E00CBF06E /* 文字格式辨識 */ = {
			isa = PBXGroup;
			children = (
				7F54CCD32C7C5F6900539929 /* UI */,
				7F3BB9172C78575E00CBF06E /* TextSettingScreen.swift */,
			);
			path = "文字格式辨識";
			sourceTree = "<group>";
		};
		7F3BB91A2C78575E00CBF06E /* WebView練習 */ = {
			isa = PBXGroup;
			children = (
				7F3BB9192C78575E00CBF06E /* WebViewScreen.swift */,
			);
			path = "WebView練習";
			sourceTree = "<group>";
		};
		7F3BB91C2C78575E00CBF06E /* Banner套件 */ = {
			isa = PBXGroup;
			children = (
				7F3BB91B2C78575E00CBF06E /* PageViewScreen.swift */,
			);
			path = "Banner套件";
			sourceTree = "<group>";
		};
		7F3BB9222C78575F00CBF06E /* OTP填入練習 */ = {
			isa = PBXGroup;
			children = (
				7F2D19912C816A8000C12968 /* UI */,
				7F3BB9212C78575F00CBF06E /* OTPScreen.swift */,
			);
			path = "OTP填入練習";
			sourceTree = "<group>";
		};
		7F3BB9262C78575F00CBF06E /* GoogleMap練習 */ = {
			isa = PBXGroup;
			children = (
				7F3BB9252C78575F00CBF06E /* MapScreen.swift */,
			);
			path = "GoogleMap練習";
			sourceTree = "<group>";
		};
		7F3BB9282C78575F00CBF06E /* 簡單練習 */ = {
			isa = PBXGroup;
			children = (
				7F3BB9272C78575F00CBF06E /* FirstTestScreen.swift */,
			);
			path = "簡單練習";
			sourceTree = "<group>";
		};
		7F3BB92C2C78575F00CBF06E /* 下拉式選單 */ = {
			isa = PBXGroup;
			children = (
				7FD1C86E2C80B57000E42008 /* UI */,
				7F3BB92B2C78575F00CBF06E /* DownMenuScreen.swift */,
			);
			path = "下拉式選單";
			sourceTree = "<group>";
		};
		7F3BB9312C78575F00CBF06E /* 語系切換練習 */ = {
			isa = PBXGroup;
			children = (
				7F9C68792C7DA70900D96974 /* UI */,
				7F3BB9302C78575F00CBF06E /* SwitchLanguageScreen.swift */,
			);
			path = "語系切換練習";
			sourceTree = "<group>";
		};
		7F3BB9342C78575F00CBF06E /* TabelView練習 */ = {
			isa = PBXGroup;
			children = (
				7F3BB9322C78575F00CBF06E /* TableCell.swift */,
				7F3BB9332C78575F00CBF06E /* TableTestScreen.swift */,
			);
			path = "TabelView練習";
			sourceTree = "<group>";
		};
		7F3BB9482C78596F00CBF06E /* AppConstant */ = {
			isa = PBXGroup;
			children = (
				7F3BB9452C78596F00CBF06E /* ImageNameItem.swift */,
				7F3BB9462C78596F00CBF06E /* ScreenIDItem.swift */,
				7F9C68842C7DC76800D96974 /* SwitchLanguage.swift */,
				7F9C68882C7DCF4100D96974 /* LanguageManager.swift */,
			);
			path = AppConstant;
			sourceTree = "<group>";
		};
		7F4B8C802C8FD54F00E40496 /* 自定義下拉選單 */ = {
			isa = PBXGroup;
			children = (
				7F4B8C832C8FDFDF00E40496 /* UI */,
				7F4B8C812C8FD5B300E40496 /* DropdownScreen.swift */,
			);
			path = "自定義下拉選單";
			sourceTree = "<group>";
		};
		7F4B8C832C8FDFDF00E40496 /* UI */ = {
			isa = PBXGroup;
			children = (
				7F4B8C842C8FDFED00E40496 /* DropdownUI.swift */,
			);
			path = UI;
			sourceTree = "<group>";
		};
		7F54CCD32C7C5F6900539929 /* UI */ = {
			isa = PBXGroup;
			children = (
				7F54CCD12C7C5F5C00539929 /* TextSettingUI.swift */,
			);
			path = UI;
			sourceTree = "<group>";
		};
		7F59EC922C9BC205008CDF85 /* APIManager */ = {
			isa = PBXGroup;
			children = (
				7F59EC902C9BC205008CDF85 /* APIManager.swift */,
				7F59EC912C9BC205008CDF85 /* APIUrl.swift */,
			);
			path = APIManager;
			sourceTree = "<group>";
		};
		7F59EC952C9BC205008CDF85 /* Constant */ = {
			isa = PBXGroup;
			children = (
				7F59EC932C9BC205008CDF85 /* SFSymbol.swift */,
				7F59EC942C9BC205008CDF85 /* UserDefaultsKey.swift */,
			);
			path = Constant;
			sourceTree = "<group>";
		};
		7F59EC9E2C9BC205008CDF85 /* Extension */ = {
			isa = PBXGroup;
			children = (
				7F59EC962C9BC205008CDF85 /* Color+.swift */,
				7F59EC972C9BC205008CDF85 /* Font+.swift */,
				7F59EC982C9BC205008CDF85 /* TextField+.swift */,
				7F59EC992C9BC205008CDF85 /* URL+.swift */,
				7F59EC9A2C9BC205008CDF85 /* URLCache+.swift */,
				7F59EC9B2C9BC205008CDF85 /* URLSession+.swift */,
				7F59EC9C2C9BC205008CDF85 /* View+.swift */,
				7F59EC9D2C9BC205008CDF85 /* ViewController+.swift */,
			);
			path = Extension;
			sourceTree = "<group>";
		};
		7F59ECA12C9BC205008CDF85 /* Button */ = {
			isa = PBXGroup;
			children = (
				7F59EC9F2C9BC205008CDF85 /* MyButton.swift */,
				7F59ECA02C9BC205008CDF85 /* MyImageButton.swift */,
			);
			path = Button;
			sourceTree = "<group>";
		};
		7F59ECA52C9BC205008CDF85 /* Image */ = {
			isa = PBXGroup;
			children = (
				7F59ECA22C9BC205008CDF85 /* MyImage.swift */,
				7F59ECA32C9BC205008CDF85 /* MyImageUrl.swift */,
				7F59ECA42C9BC205008CDF85 /* MySymbol.swift */,
			);
			path = Image;
			sourceTree = "<group>";
		};
		7F59ECA82C9BC205008CDF85 /* Label */ = {
			isa = PBXGroup;
			children = (
				7F59ECA62C9BC205008CDF85 /* MyLabel.swift */,
				7F59ECA72C9BC205008CDF85 /* MyLinkLabel.swift */,
			);
			path = Label;
			sourceTree = "<group>";
		};
		7F59ECAD2C9BC205008CDF85 /* View */ = {
			isa = PBXGroup;
			children = (
				7F59ECA92C9BC205008CDF85 /* MyPackageButton.swift */,
				7F59ECAA2C9BC205008CDF85 /* MyPackageImage.swift */,
				7F59ECAB2C9BC205008CDF85 /* MySpacer.swift */,
				7F59ECAC2C9BC205008CDF85 /* MyView.swift */,
			);
			path = View;
			sourceTree = "<group>";
		};
		7F59ECB22C9BC205008CDF85 /* MyUI */ = {
			isa = PBXGroup;
			children = (
				7F59ECA12C9BC205008CDF85 /* Button */,
				7F59ECA52C9BC205008CDF85 /* Image */,
				7F59ECA82C9BC205008CDF85 /* Label */,
				7F59ECAD2C9BC205008CDF85 /* View */,
				7F59ECAE2C9BC205008CDF85 /* MyField.swift */,
				7F59ECAF2C9BC205008CDF85 /* MyLoading.swift */,
				7F59ECB02C9BC205008CDF85 /* MyStack.swift */,
				7F59ECB12C9BC205008CDF85 /* MyTextField.swift */,
			);
			path = MyUI;
			sourceTree = "<group>";
		};
		7F59ECB42C9BC205008CDF85 /* MyTools */ = {
			isa = PBXGroup;
			children = (
				7F59ECB32C9BC205008CDF85 /* MyViewController.swift */,
				7F59ECB22C9BC205008CDF85 /* MyUI */,
				7F59EC952C9BC205008CDF85 /* Constant */,
				7F59EC9E2C9BC205008CDF85 /* Extension */,
				7F59EC922C9BC205008CDF85 /* APIManager */,
			);
			path = MyTools;
			sourceTree = "<group>";
		};
		7F7860912C820E9900BFA5A5 /* SFSymbol應用 */ = {
			isa = PBXGroup;
			children = (
				7F7860942C820EFA00BFA5A5 /* UI */,
				7F7860922C820ED100BFA5A5 /* SymbolScreen.swift */,
			);
			path = "SFSymbol應用";
			sourceTree = "<group>";
		};
		7F7860942C820EFA00BFA5A5 /* UI */ = {
			isa = PBXGroup;
			children = (
				7F7860952C820F1000BFA5A5 /* SymbolUI.swift */,
			);
			path = UI;
			sourceTree = "<group>";
		};
		7F85A9F12C895FFD0042C6CF /* 相機遮罩 */ = {
			isa = PBXGroup;
			children = (
				7F85A9F52C897AC30042C6CF /* UI */,
				7F85A9F22C8960260042C6CF /* CameraOverlayScreen.swift */,
			);
			path = "相機遮罩";
			sourceTree = "<group>";
		};
		7F85A9F52C897AC30042C6CF /* UI */ = {
			isa = PBXGroup;
			children = (
				7F85A9F62C897ADB0042C6CF /* CameraOverlayUI.swift */,
			);
			path = UI;
			sourceTree = "<group>";
		};
		7F85AA1D2C89AB740042C6CF /* subView */ = {
			isa = PBXGroup;
			children = (
				7F85AA1E2C89AB980042C6CF /* SideMenuView.swift */,
			);
			path = subView;
			sourceTree = "<group>";
		};
		7F96C3972C8AFA7500EB8B14 /* 自定義輸入框 */ = {
			isa = PBXGroup;
			children = (
				7F96C3982C8AFAAE00EB8B14 /* MyTextFieldScreen.swift */,
			);
			path = "自定義輸入框";
			sourceTree = "<group>";
		};
		7F9C68792C7DA70900D96974 /* UI */ = {
			isa = PBXGroup;
			children = (
				7F9C687A2C7DA72400D96974 /* SwitchLanguageUI.swift */,
			);
			path = UI;
			sourceTree = "<group>";
		};
		7FD1C86E2C80B57000E42008 /* UI */ = {
			isa = PBXGroup;
			children = (
				7FD1C86F2C80B62300E42008 /* DownMenuUI.swift */,
			);
			path = UI;
			sourceTree = "<group>";
		};
		7FDAC5D42C8564AB00A1FB29 /* API應用 */ = {
			isa = PBXGroup;
			children = (
				7FDAC5D72C8569FB00A1FB29 /* Model */,
				7F12362B2C86BE1800549E27 /* UI */,
				7FDAC5DC2C8587FE00A1FB29 /* APITestScreen.swift */,
			);
			path = "API應用";
			sourceTree = "<group>";
		};
		7FDAC5D72C8569FB00A1FB29 /* Model */ = {
			isa = PBXGroup;
			children = (
				7FDAC5D82C856A4D00A1FB29 /* ImageRespone.swift */,
				7FDAC5E22C85A5AD00A1FB29 /* LoginRespone.swift */,
				7F1236292C86AA1700549E27 /* FavoritrCreationResponse.swift */,
			);
			path = Model;
			sourceTree = "<group>";
		};
		7FDAC5E12C8597F800A1FB29 /* AppTools */ = {
			isa = PBXGroup;
			children = (
				7F2F47C62C80494000D5BB10 /* AppUI */,
				7F3BB9482C78596F00CBF06E /* AppConstant */,
				7F1236342C86F34D00549E27 /* AppAPI */,
			);
			path = AppTools;
			sourceTree = "<group>";
		};
		855992885BEB3DD04DA25F03 /* Frameworks */ = {
			isa = PBXGroup;
			children = (
				54553CAF9BC0B08DCC70436A /* Pods_UIKitTest.framework */,
			);
			name = Frameworks;
			sourceTree = "<group>";
		};
/* End PBXGroup section */

/* Begin PBXNativeTarget section */
		7F3BB8FB2C7856AD00CBF06E /* UIKitTest */ = {
			isa = PBXNativeTarget;
			buildConfigurationList = 7F3BB9132C7856AE00CBF06E /* Build configuration list for PBXNativeTarget "UIKitTest" */;
			buildPhases = (
				5F2FDB6821DACE5DA0910D1E /* [CP] Check Pods Manifest.lock */,
				7F3BB8F82C7856AD00CBF06E /* Sources */,
				7F3BB8F92C7856AD00CBF06E /* Frameworks */,
				7F3BB8FA2C7856AD00CBF06E /* Resources */,
				806CFA0DDD2453B0F2AEEADE /* [CP] Embed Pods Frameworks */,
				4DBA3C1D0E2BB69705E777FC /* [CP] Copy Pods Resources */,
			);
			buildRules = (
			);
			dependencies = (
			);
			name = UIKitTest;
			productName = UIKitTest;
			productReference = 7F3BB8FC2C7856AD00CBF06E /* UIKitTest.app */;
			productType = "com.apple.product-type.application";
		};
/* End PBXNativeTarget section */

/* Begin PBXProject section */
		7F3BB8F42C7856AD00CBF06E /* Project object */ = {
			isa = PBXProject;
			attributes = {
				BuildIndependentTargetsInParallel = 1;
				LastSwiftUpdateCheck = 1540;
				LastUpgradeCheck = 1540;
				TargetAttributes = {
					7F3BB8FB2C7856AD00CBF06E = {
						CreatedOnToolsVersion = 15.4;
					};
				};
			};
			buildConfigurationList = 7F3BB8F72C7856AD00CBF06E /* Build configuration list for PBXProject "UIKitTest" */;
			compatibilityVersion = "Xcode 14.0";
			developmentRegion = "zh-Hant";
			hasScannedForEncodings = 0;
			knownRegions = (
				en,
				Base,
				"zh-Hant",
				vi,
				id,
			);
			mainGroup = 7F3BB8F32C7856AD00CBF06E;
			productRefGroup = 7F3BB8FD2C7856AD00CBF06E /* Products */;
			projectDirPath = "";
			projectRoot = "";
			targets = (
				7F3BB8FB2C7856AD00CBF06E /* UIKitTest */,
			);
		};
/* End PBXProject section */

/* Begin PBXResourcesBuildPhase section */
		7F3BB8FA2C7856AD00CBF06E /* Resources */ = {
			isa = PBXResourcesBuildPhase;
			buildActionMask = 2147483647;
			files = (
				7F9C68822C7DC5FB00D96974 /* Localizable.strings in Resources */,
				7F3BB90C2C7856AE00CBF06E /* Assets.xcassets in Resources */,
				7F3BB90F2C7856AE00CBF06E /* Base in Resources */,
				7F3BB9072C7856AD00CBF06E /* Base in Resources */,
			);
			runOnlyForDeploymentPostprocessing = 0;
		};
/* End PBXResourcesBuildPhase section */

/* Begin PBXShellScriptBuildPhase section */
		4DBA3C1D0E2BB69705E777FC /* [CP] Copy Pods Resources */ = {
			isa = PBXShellScriptBuildPhase;
			buildActionMask = 2147483647;
			files = (
			);
			inputFileListPaths = (
				"${PODS_ROOT}/Target Support Files/Pods-UIKitTest/Pods-UIKitTest-resources-${CONFIGURATION}-input-files.xcfilelist",
			);
			name = "[CP] Copy Pods Resources";
			outputFileListPaths = (
				"${PODS_ROOT}/Target Support Files/Pods-UIKitTest/Pods-UIKitTest-resources-${CONFIGURATION}-output-files.xcfilelist",
			);
			runOnlyForDeploymentPostprocessing = 0;
			shellPath = /bin/sh;
			shellScript = "\"${PODS_ROOT}/Target Support Files/Pods-UIKitTest/Pods-UIKitTest-resources.sh\"\n";
			showEnvVarsInLog = 0;
		};
		5F2FDB6821DACE5DA0910D1E /* [CP] Check Pods Manifest.lock */ = {
			isa = PBXShellScriptBuildPhase;
			buildActionMask = 2147483647;
			files = (
			);
			inputFileListPaths = (
			);
			inputPaths = (
				"${PODS_PODFILE_DIR_PATH}/Podfile.lock",
				"${PODS_ROOT}/Manifest.lock",
			);
			name = "[CP] Check Pods Manifest.lock";
			outputFileListPaths = (
			);
			outputPaths = (
				"$(DERIVED_FILE_DIR)/Pods-UIKitTest-checkManifestLockResult.txt",
			);
			runOnlyForDeploymentPostprocessing = 0;
			shellPath = /bin/sh;
			shellScript = "diff \"${PODS_PODFILE_DIR_PATH}/Podfile.lock\" \"${PODS_ROOT}/Manifest.lock\" > /dev/null\nif [ $? != 0 ] ; then\n    # print error to STDERR\n    echo \"error: The sandbox is not in sync with the Podfile.lock. Run 'pod install' or update your CocoaPods installation.\" >&2\n    exit 1\nfi\n# This output is used by Xcode 'outputs' to avoid re-running this script phase.\necho \"SUCCESS\" > \"${SCRIPT_OUTPUT_FILE_0}\"\n";
			showEnvVarsInLog = 0;
		};
		806CFA0DDD2453B0F2AEEADE /* [CP] Embed Pods Frameworks */ = {
			isa = PBXShellScriptBuildPhase;
			buildActionMask = 2147483647;
			files = (
			);
			inputFileListPaths = (
				"${PODS_ROOT}/Target Support Files/Pods-UIKitTest/Pods-UIKitTest-frameworks-${CONFIGURATION}-input-files.xcfilelist",
			);
			name = "[CP] Embed Pods Frameworks";
			outputFileListPaths = (
				"${PODS_ROOT}/Target Support Files/Pods-UIKitTest/Pods-UIKitTest-frameworks-${CONFIGURATION}-output-files.xcfilelist",
			);
			runOnlyForDeploymentPostprocessing = 0;
			shellPath = /bin/sh;
			shellScript = "\"${PODS_ROOT}/Target Support Files/Pods-UIKitTest/Pods-UIKitTest-frameworks.sh\"\n";
			showEnvVarsInLog = 0;
		};
/* End PBXShellScriptBuildPhase section */

/* Begin PBXSourcesBuildPhase section */
		7F3BB8F82C7856AD00CBF06E /* Sources */ = {
			isa = PBXSourcesBuildPhase;
			buildActionMask = 2147483647;
			files = (
				7F59ECB72C9BC205008CDF85 /* SFSymbol.swift in Sources */,
				7F59ECB92C9BC205008CDF85 /* Color+.swift in Sources */,
				7F3BB9432C78575F00CBF06E /* TableCell.swift in Sources */,
				7F3BB93C2C78575F00CBF06E /* MapScreen.swift in Sources */,
				7F59ECC92C9BC205008CDF85 /* MyPackageImage.swift in Sources */,
				7F59ECBF2C9BC205008CDF85 /* View+.swift in Sources */,
				7F9C687B2C7DA72400D96974 /* SwitchLanguageUI.swift in Sources */,
				7F85AA192C89A6330042C6CF /* SideMenuScreen.swift in Sources */,
				7F59ECB52C9BC205008CDF85 /* APIManager.swift in Sources */,
				7F3BB9352C78575F00CBF06E /* TextSettingScreen.swift in Sources */,
				7F85A9F72C897ADB0042C6CF /* CameraOverlayUI.swift in Sources */,
				7F59ECB82C9BC205008CDF85 /* UserDefaultsKey.swift in Sources */,
				7F59ECBC2C9BC205008CDF85 /* URL+.swift in Sources */,
				7F3BB9442C78575F00CBF06E /* TableTestScreen.swift in Sources */,
				7F59ECC42C9BC205008CDF85 /* MyImageUrl.swift in Sources */,
				7F59ECCF2C9BC205008CDF85 /* MyTextField.swift in Sources */,
				7F85A9F32C8960260042C6CF /* CameraOverlayScreen.swift in Sources */,
				7F9C68852C7DC76800D96974 /* SwitchLanguage.swift in Sources */,
				7F3BB90A2C7856AD00CBF06E /* UIKitTest.xcdatamodeld in Sources */,
				7F3BB9042C7856AD00CBF06E /* ViewController.swift in Sources */,
				7F59ECC72C9BC205008CDF85 /* MyLinkLabel.swift in Sources */,
				7F59ECCC2C9BC205008CDF85 /* MyField.swift in Sources */,
				7F263D442C87E91500624922 /* LoadingAnimationScreen.swift in Sources */,
				7F2F47AA2C80170E00D5BB10 /* FaceRecognitionUI.swift in Sources */,
				7F59ECC02C9BC205008CDF85 /* ViewController+.swift in Sources */,
				7F7860932C820ED100BFA5A5 /* SymbolScreen.swift in Sources */,
				7F59ECCB2C9BC205008CDF85 /* MyView.swift in Sources */,
				7F2F47CB2C8049BD00D5BB10 /* MyTitleBar.swift in Sources */,
				7F1236362C86F6AA00549E27 /* ApiRespone.swift in Sources */,
				7FD1C8702C80B62300E42008 /* DownMenuUI.swift in Sources */,
				7F2D19932C816B5500C12968 /* OTPCodeUI.swift in Sources */,
				7F3BB93A2C78575F00CBF06E /* OTPScreen.swift in Sources */,
				7F59ECBD2C9BC205008CDF85 /* URLCache+.swift in Sources */,
				7F96C3992C8AFAAE00EB8B14 /* MyTextFieldScreen.swift in Sources */,
				7F4B8C852C8FDFED00E40496 /* DropdownUI.swift in Sources */,
				7F54CCD22C7C5F5C00539929 /* TextSettingUI.swift in Sources */,
				7F59ECC82C9BC205008CDF85 /* MyPackageButton.swift in Sources */,
				7F3BB9362C78575F00CBF06E /* WebViewScreen.swift in Sources */,
				7F3BB93D2C78575F00CBF06E /* FirstTestScreen.swift in Sources */,
				7F59ECCE2C9BC205008CDF85 /* MyStack.swift in Sources */,
				7F59ECC22C9BC205008CDF85 /* MyImageButton.swift in Sources */,
				7F12362A2C86AA1700549E27 /* FavoritrCreationResponse.swift in Sources */,
				7F59ECBA2C9BC205008CDF85 /* Font+.swift in Sources */,
				7F4B8C822C8FD5B300E40496 /* DropdownScreen.swift in Sources */,
				7FDAC5D92C856A4D00A1FB29 /* ImageRespone.swift in Sources */,
				7F59ECC32C9BC205008CDF85 /* MyImage.swift in Sources */,
				7FDAC5E02C8597B500A1FB29 /* AppAPI.swift in Sources */,
				7F3BB94F2C78596F00CBF06E /* ScreenIDItem.swift in Sources */,
				7F3BB9002C7856AD00CBF06E /* AppDelegate.swift in Sources */,
				7F3BB93F2C78575F00CBF06E /* DownMenuScreen.swift in Sources */,
				7FDAC5E32C85A5AD00A1FB29 /* LoginRespone.swift in Sources */,
				7F3BB9372C78575F00CBF06E /* PageViewScreen.swift in Sources */,
				7F12362D2C86BE3D00549E27 /* APITestUI.swift in Sources */,
				7F59ECC12C9BC205008CDF85 /* MyButton.swift in Sources */,
				7F59ECB62C9BC205008CDF85 /* APIUrl.swift in Sources */,
				7F59ECD02C9BC205008CDF85 /* MyViewController.swift in Sources */,
				7F59ECBE2C9BC205008CDF85 /* URLSession+.swift in Sources */,
				7F85AA1F2C89AB980042C6CF /* SideMenuView.swift in Sources */,
				7F59ECCA2C9BC205008CDF85 /* MySpacer.swift in Sources */,
				7FDAC5DD2C8587FE00A1FB29 /* APITestScreen.swift in Sources */,
				7F3BB9022C7856AD00CBF06E /* SceneDelegate.swift in Sources */,
				7F9C68892C7DCF4100D96974 /* LanguageManager.swift in Sources */,
				7F1236332C86E2F400549E27 /* ImageUrlScreen.swift in Sources */,
				7F7860962C820F1000BFA5A5 /* SymbolUI.swift in Sources */,
				7F2F47A62C80169A00D5BB10 /* FaceRecognitionScreen.swift in Sources */,
				7F59ECC62C9BC205008CDF85 /* MyLabel.swift in Sources */,
				7F59ECBB2C9BC205008CDF85 /* TextField+.swift in Sources */,
				7F59ECC52C9BC205008CDF85 /* MySymbol.swift in Sources */,
				7F3BB94E2C78596F00CBF06E /* ImageNameItem.swift in Sources */,
				7F59ECCD2C9BC205008CDF85 /* MyLoading.swift in Sources */,
				7F3BB9422C78575F00CBF06E /* SwitchLanguageScreen.swift in Sources */,
			);
			runOnlyForDeploymentPostprocessing = 0;
		};
/* End PBXSourcesBuildPhase section */

/* Begin PBXVariantGroup section */
		7F3BB9052C7856AD00CBF06E /* Main.storyboard */ = {
			isa = PBXVariantGroup;
			children = (
				7F3BB9062C7856AD00CBF06E /* Base */,
				7F9C687E2C7DC5E000D96974 /* zh-Hant */,
				7F8623F12C7EB1B7002E8839 /* vi */,
				7F8623F42C7EB21E002E8839 /* id */,
			);
			name = Main.storyboard;
			sourceTree = "<group>";
		};
		7F3BB90D2C7856AE00CBF06E /* LaunchScreen.storyboard */ = {
			isa = PBXVariantGroup;
			children = (
				7F3BB90E2C7856AE00CBF06E /* Base */,
				7F9C687F2C7DC5E000D96974 /* zh-Hant */,
				7F8623F22C7EB1B7002E8839 /* vi */,
				7F8623F52C7EB21E002E8839 /* id */,
			);
			name = LaunchScreen.storyboard;
			sourceTree = "<group>";
		};
		7F9C68802C7DC5FB00D96974 /* Localizable.strings */ = {
			isa = PBXVariantGroup;
			children = (
				7F9C68812C7DC5FB00D96974 /* zh-Hant */,
				7F9C68832C7DC60700D96974 /* en */,
				7F8623F32C7EB1B7002E8839 /* vi */,
				7F8623F62C7EB21E002E8839 /* id */,
			);
			name = Localizable.strings;
			sourceTree = "<group>";
		};
/* End PBXVariantGroup section */

/* Begin XCBuildConfiguration section */
		7F3BB9112C7856AE00CBF06E /* Debug */ = {
			isa = XCBuildConfiguration;
			buildSettings = {
				ALWAYS_SEARCH_USER_PATHS = NO;
				ASSETCATALOG_COMPILER_GENERATE_SWIFT_ASSET_SYMBOL_EXTENSIONS = YES;
				CLANG_ANALYZER_LOCALIZABILITY_NONLOCALIZED = YES;
				CLANG_ANALYZER_NONNULL = YES;
				CLANG_ANALYZER_NUMBER_OBJECT_CONVERSION = YES_AGGRESSIVE;
				CLANG_CXX_LANGUAGE_STANDARD = "gnu++20";
				CLANG_ENABLE_MODULES = YES;
				CLANG_ENABLE_OBJC_ARC = YES;
				CLANG_ENABLE_OBJC_WEAK = YES;
				CLANG_WARN_BLOCK_CAPTURE_AUTORELEASING = YES;
				CLANG_WARN_BOOL_CONVERSION = YES;
				CLANG_WARN_COMMA = YES;
				CLANG_WARN_CONSTANT_CONVERSION = YES;
				CLANG_WARN_DEPRECATED_OBJC_IMPLEMENTATIONS = YES;
				CLANG_WARN_DIRECT_OBJC_ISA_USAGE = YES_ERROR;
				CLANG_WARN_DOCUMENTATION_COMMENTS = YES;
				CLANG_WARN_EMPTY_BODY = YES;
				CLANG_WARN_ENUM_CONVERSION = YES;
				CLANG_WARN_INFINITE_RECURSION = YES;
				CLANG_WARN_INT_CONVERSION = YES;
				CLANG_WARN_NON_LITERAL_NULL_CONVERSION = YES;
				CLANG_WARN_OBJC_IMPLICIT_RETAIN_SELF = YES;
				CLANG_WARN_OBJC_LITERAL_CONVERSION = YES;
				CLANG_WARN_OBJC_ROOT_CLASS = YES_ERROR;
				CLANG_WARN_QUOTED_INCLUDE_IN_FRAMEWORK_HEADER = YES;
				CLANG_WARN_RANGE_LOOP_ANALYSIS = YES;
				CLANG_WARN_STRICT_PROTOTYPES = YES;
				CLANG_WARN_SUSPICIOUS_MOVE = YES;
				CLANG_WARN_UNGUARDED_AVAILABILITY = YES_AGGRESSIVE;
				CLANG_WARN_UNREACHABLE_CODE = YES;
				CLANG_WARN__DUPLICATE_METHOD_MATCH = YES;
				COPY_PHASE_STRIP = NO;
				DEBUG_INFORMATION_FORMAT = dwarf;
				ENABLE_STRICT_OBJC_MSGSEND = YES;
				ENABLE_TESTABILITY = YES;
				ENABLE_USER_SCRIPT_SANDBOXING = NO;
				GCC_C_LANGUAGE_STANDARD = gnu17;
				GCC_DYNAMIC_NO_PIC = NO;
				GCC_NO_COMMON_BLOCKS = YES;
				GCC_OPTIMIZATION_LEVEL = 0;
				GCC_PREPROCESSOR_DEFINITIONS = (
					"DEBUG=1",
					"$(inherited)",
				);
				GCC_WARN_64_TO_32_BIT_CONVERSION = YES;
				GCC_WARN_ABOUT_RETURN_TYPE = YES_ERROR;
				GCC_WARN_UNDECLARED_SELECTOR = YES;
				GCC_WARN_UNINITIALIZED_AUTOS = YES_AGGRESSIVE;
				GCC_WARN_UNUSED_FUNCTION = YES;
				GCC_WARN_UNUSED_VARIABLE = YES;
				IPHONEOS_DEPLOYMENT_TARGET = 17.5;
				LOCALIZATION_PREFERS_STRING_CATALOGS = YES;
				MTL_ENABLE_DEBUG_INFO = INCLUDE_SOURCE;
				MTL_FAST_MATH = YES;
				ONLY_ACTIVE_ARCH = YES;
				SDKROOT = iphoneos;
				SWIFT_ACTIVE_COMPILATION_CONDITIONS = "DEBUG $(inherited)";
				SWIFT_OPTIMIZATION_LEVEL = "-Onone";
			};
			name = Debug;
		};
		7F3BB9122C7856AE00CBF06E /* Release */ = {
			isa = XCBuildConfiguration;
			buildSettings = {
				ALWAYS_SEARCH_USER_PATHS = NO;
				ASSETCATALOG_COMPILER_GENERATE_SWIFT_ASSET_SYMBOL_EXTENSIONS = YES;
				CLANG_ANALYZER_LOCALIZABILITY_NONLOCALIZED = YES;
				CLANG_ANALYZER_NONNULL = YES;
				CLANG_ANALYZER_NUMBER_OBJECT_CONVERSION = YES_AGGRESSIVE;
				CLANG_CXX_LANGUAGE_STANDARD = "gnu++20";
				CLANG_ENABLE_MODULES = YES;
				CLANG_ENABLE_OBJC_ARC = YES;
				CLANG_ENABLE_OBJC_WEAK = YES;
				CLANG_WARN_BLOCK_CAPTURE_AUTORELEASING = YES;
				CLANG_WARN_BOOL_CONVERSION = YES;
				CLANG_WARN_COMMA = YES;
				CLANG_WARN_CONSTANT_CONVERSION = YES;
				CLANG_WARN_DEPRECATED_OBJC_IMPLEMENTATIONS = YES;
				CLANG_WARN_DIRECT_OBJC_ISA_USAGE = YES_ERROR;
				CLANG_WARN_DOCUMENTATION_COMMENTS = YES;
				CLANG_WARN_EMPTY_BODY = YES;
				CLANG_WARN_ENUM_CONVERSION = YES;
				CLANG_WARN_INFINITE_RECURSION = YES;
				CLANG_WARN_INT_CONVERSION = YES;
				CLANG_WARN_NON_LITERAL_NULL_CONVERSION = YES;
				CLANG_WARN_OBJC_IMPLICIT_RETAIN_SELF = YES;
				CLANG_WARN_OBJC_LITERAL_CONVERSION = YES;
				CLANG_WARN_OBJC_ROOT_CLASS = YES_ERROR;
				CLANG_WARN_QUOTED_INCLUDE_IN_FRAMEWORK_HEADER = YES;
				CLANG_WARN_RANGE_LOOP_ANALYSIS = YES;
				CLANG_WARN_STRICT_PROTOTYPES = YES;
				CLANG_WARN_SUSPICIOUS_MOVE = YES;
				CLANG_WARN_UNGUARDED_AVAILABILITY = YES_AGGRESSIVE;
				CLANG_WARN_UNREACHABLE_CODE = YES;
				CLANG_WARN__DUPLICATE_METHOD_MATCH = YES;
				COPY_PHASE_STRIP = NO;
				DEBUG_INFORMATION_FORMAT = "dwarf-with-dsym";
				ENABLE_NS_ASSERTIONS = NO;
				ENABLE_STRICT_OBJC_MSGSEND = YES;
				ENABLE_USER_SCRIPT_SANDBOXING = NO;
				GCC_C_LANGUAGE_STANDARD = gnu17;
				GCC_NO_COMMON_BLOCKS = YES;
				GCC_WARN_64_TO_32_BIT_CONVERSION = YES;
				GCC_WARN_ABOUT_RETURN_TYPE = YES_ERROR;
				GCC_WARN_UNDECLARED_SELECTOR = YES;
				GCC_WARN_UNINITIALIZED_AUTOS = YES_AGGRESSIVE;
				GCC_WARN_UNUSED_FUNCTION = YES;
				GCC_WARN_UNUSED_VARIABLE = YES;
				IPHONEOS_DEPLOYMENT_TARGET = 17.5;
				LOCALIZATION_PREFERS_STRING_CATALOGS = YES;
				MTL_ENABLE_DEBUG_INFO = NO;
				MTL_FAST_MATH = YES;
				SDKROOT = iphoneos;
				SWIFT_COMPILATION_MODE = wholemodule;
				VALIDATE_PRODUCT = YES;
			};
			name = Release;
		};
		7F3BB9142C7856AE00CBF06E /* Debug */ = {
			isa = XCBuildConfiguration;
			baseConfigurationReference = B3F88A0E8B553DA95E48ED67 /* Pods-UIKitTest.debug.xcconfig */;
			buildSettings = {
				ASSETCATALOG_COMPILER_APPICON_NAME = AppIcon;
				ASSETCATALOG_COMPILER_GLOBAL_ACCENT_COLOR_NAME = AccentColor;
				CODE_SIGN_STYLE = Automatic;
				CURRENT_PROJECT_VERSION = 1;
				DEVELOPMENT_TEAM = A4UN56F3VK;
				GENERATE_INFOPLIST_FILE = YES;
				INFOPLIST_FILE = UIKitTest/Info.plist;
				INFOPLIST_KEY_NSCameraUsageDescription = "需要通過此權限來訪問您的相機權限，以用於線上客服使用";
				INFOPLIST_KEY_NSFaceIDUsageDescription = "";
				INFOPLIST_KEY_NSPhotoLibraryAddUsageDescription = "需要通過此權限來寫入相簿權限，以用於線上客服使用";
				INFOPLIST_KEY_NSPhotoLibraryUsageDescription = "需要通過此權限來訪問您的相簿權限，以用於線上客服使用";
				INFOPLIST_KEY_UIApplicationSupportsIndirectInputEvents = YES;
				INFOPLIST_KEY_UILaunchStoryboardName = LaunchScreen;
				INFOPLIST_KEY_UIMainStoryboardFile = Main;
				INFOPLIST_KEY_UIStatusBarStyle = "";
				INFOPLIST_KEY_UISupportedInterfaceOrientations = "UIInterfaceOrientationPortrait UIInterfaceOrientationPortraitUpsideDown";
				INFOPLIST_KEY_UISupportedInterfaceOrientations_iPad = "UIInterfaceOrientationLandscapeLeft UIInterfaceOrientationLandscapeRight UIInterfaceOrientationPortrait UIInterfaceOrientationPortraitUpsideDown";
				INFOPLIST_KEY_UIUserInterfaceStyle = Light;
				IPHONEOS_DEPLOYMENT_TARGET = 15.0;
				LD_RUNPATH_SEARCH_PATHS = (
					"$(inherited)",
					"@executable_path/Frameworks",
				);
				MARKETING_VERSION = 1.0;
				PRODUCT_BUNDLE_IDENTIFIER = com.zhan.UIKitTest;
				PRODUCT_NAME = "$(TARGET_NAME)";
				SUPPORTED_PLATFORMS = "iphoneos iphonesimulator";
				SUPPORTS_MACCATALYST = NO;
				SUPPORTS_MAC_DESIGNED_FOR_IPHONE_IPAD = NO;
				SUPPORTS_XR_DESIGNED_FOR_IPHONE_IPAD = NO;
				SWIFT_EMIT_LOC_STRINGS = YES;
				SWIFT_VERSION = 5.0;
				TARGETED_DEVICE_FAMILY = 1;
			};
			name = Debug;
		};
		7F3BB9152C7856AE00CBF06E /* Release */ = {
			isa = XCBuildConfiguration;
			baseConfigurationReference = A9D66F102EC61B7AC514A4C0 /* Pods-UIKitTest.release.xcconfig */;
			buildSettings = {
				ASSETCATALOG_COMPILER_APPICON_NAME = AppIcon;
				ASSETCATALOG_COMPILER_GLOBAL_ACCENT_COLOR_NAME = AccentColor;
				CODE_SIGN_STYLE = Automatic;
				CURRENT_PROJECT_VERSION = 1;
				DEVELOPMENT_TEAM = A4UN56F3VK;
				GENERATE_INFOPLIST_FILE = YES;
				INFOPLIST_FILE = UIKitTest/Info.plist;
				INFOPLIST_KEY_NSCameraUsageDescription = "需要通過此權限來訪問您的相機權限，以用於線上客服使用";
				INFOPLIST_KEY_NSFaceIDUsageDescription = "";
				INFOPLIST_KEY_NSPhotoLibraryAddUsageDescription = "需要通過此權限來寫入相簿權限，以用於線上客服使用";
				INFOPLIST_KEY_NSPhotoLibraryUsageDescription = "需要通過此權限來訪問您的相簿權限，以用於線上客服使用";
				INFOPLIST_KEY_UIApplicationSupportsIndirectInputEvents = YES;
				INFOPLIST_KEY_UILaunchStoryboardName = LaunchScreen;
				INFOPLIST_KEY_UIMainStoryboardFile = Main;
				INFOPLIST_KEY_UIStatusBarStyle = "";
				INFOPLIST_KEY_UISupportedInterfaceOrientations = "UIInterfaceOrientationPortrait UIInterfaceOrientationPortraitUpsideDown";
				INFOPLIST_KEY_UISupportedInterfaceOrientations_iPad = "UIInterfaceOrientationLandscapeLeft UIInterfaceOrientationLandscapeRight UIInterfaceOrientationPortrait UIInterfaceOrientationPortraitUpsideDown";
				INFOPLIST_KEY_UIUserInterfaceStyle = Light;
				IPHONEOS_DEPLOYMENT_TARGET = 15.0;
				LD_RUNPATH_SEARCH_PATHS = (
					"$(inherited)",
					"@executable_path/Frameworks",
				);
				MARKETING_VERSION = 1.0;
				PRODUCT_BUNDLE_IDENTIFIER = com.zhan.UIKitTest;
				PRODUCT_NAME = "$(TARGET_NAME)";
				SUPPORTED_PLATFORMS = "iphoneos iphonesimulator";
				SUPPORTS_MACCATALYST = NO;
				SUPPORTS_MAC_DESIGNED_FOR_IPHONE_IPAD = NO;
				SUPPORTS_XR_DESIGNED_FOR_IPHONE_IPAD = NO;
				SWIFT_EMIT_LOC_STRINGS = YES;
				SWIFT_VERSION = 5.0;
				TARGETED_DEVICE_FAMILY = 1;
			};
			name = Release;
		};
/* End XCBuildConfiguration section */

/* Begin XCConfigurationList section */
		7F3BB8F72C7856AD00CBF06E /* Build configuration list for PBXProject "UIKitTest" */ = {
			isa = XCConfigurationList;
			buildConfigurations = (
				7F3BB9112C7856AE00CBF06E /* Debug */,
				7F3BB9122C7856AE00CBF06E /* Release */,
			);
			defaultConfigurationIsVisible = 0;
			defaultConfigurationName = Release;
		};
		7F3BB9132C7856AE00CBF06E /* Build configuration list for PBXNativeTarget "UIKitTest" */ = {
			isa = XCConfigurationList;
			buildConfigurations = (
				7F3BB9142C7856AE00CBF06E /* Debug */,
				7F3BB9152C7856AE00CBF06E /* Release */,
			);
			defaultConfigurationIsVisible = 0;
			defaultConfigurationName = Release;
		};
/* End XCConfigurationList section */

/* Begin XCVersionGroup section */
		7F3BB9082C7856AD00CBF06E /* UIKitTest.xcdatamodeld */ = {
			isa = XCVersionGroup;
			children = (
				7F3BB9092C7856AD00CBF06E /* UIKitTest.xcdatamodel */,
			);
			currentVersion = 7F3BB9092C7856AD00CBF06E /* UIKitTest.xcdatamodel */;
			path = UIKitTest.xcdatamodeld;
			sourceTree = "<group>";
			versionGroupType = wrapper.xcdatamodel;
		};
/* End XCVersionGroup section */
	};
	rootObject = 7F3BB8F42C7856AD00CBF06E /* Project object */;
}
